// !$*UTF8*$!
{
	archiveVersion = 1;
	classes = {
	};
	objectVersion = 50;
	objects = {

/* Begin PBXBuildFile section */
		13E45EAE211CBE7200259478 /* AppDelegate.swift in Sources */ = {isa = PBXBuildFile; fileRef = 13E45EAD211CBE7200259478 /* AppDelegate.swift */; };
		13E45EB0211CBE7200259478 /* ViewController.swift in Sources */ = {isa = PBXBuildFile; fileRef = 13E45EAF211CBE7200259478 /* ViewController.swift */; };
		13E45EB3211CBE7200259478 /* Main.storyboard in Resources */ = {isa = PBXBuildFile; fileRef = 13E45EB1211CBE7200259478 /* Main.storyboard */; };
		13E45EB5211CBE7300259478 /* Assets.xcassets in Resources */ = {isa = PBXBuildFile; fileRef = 13E45EB4211CBE7300259478 /* Assets.xcassets */; };
		13E45EB8211CBE7300259478 /* LaunchScreen.storyboard in Resources */ = {isa = PBXBuildFile; fileRef = 13E45EB6211CBE7300259478 /* LaunchScreen.storyboard */; };
		13E45EC3211CBE7300259478 /* loveTests.swift in Sources */ = {isa = PBXBuildFile; fileRef = 13E45EC2211CBE7300259478 /* loveTests.swift */; };
		13E45ECE211CBE7300259478 /* loveUITests.swift in Sources */ = {isa = PBXBuildFile; fileRef = 13E45ECD211CBE7300259478 /* loveUITests.swift */; };
/* End PBXBuildFile section */

/* Begin PBXContainerItemProxy section */
		13E45EBF211CBE7300259478 /* PBXContainerItemProxy */ = {
			isa = PBXContainerItemProxy;
			containerPortal = 13E45EA2211CBE7200259478 /* Project object */;
			proxyType = 1;
			remoteGlobalIDString = 13E45EA9211CBE7200259478;
			remoteInfo = love;
		};
		13E45ECA211CBE7300259478 /* PBXContainerItemProxy */ = {
			isa = PBXContainerItemProxy;
			containerPortal = 13E45EA2211CBE7200259478 /* Project object */;
			proxyType = 1;
			remoteGlobalIDString = 13E45EA9211CBE7200259478;
			remoteInfo = love;
		};
/* End PBXContainerItemProxy section */

/* Begin PBXFileReference section */
		13E45EAA211CBE7200259478 /* love.app */ = {isa = PBXFileReference; explicitFileType = wrapper.application; includeInIndex = 0; path = love.app; sourceTree = BUILT_PRODUCTS_DIR; };
		13E45EAD211CBE7200259478 /* AppDelegate.swift */ = {isa = PBXFileReference; lastKnownFileType = sourcecode.swift; path = AppDelegate.swift; sourceTree = "<group>"; };
		13E45EAF211CBE7200259478 /* ViewController.swift */ = {isa = PBXFileReference; lastKnownFileType = sourcecode.swift; path = ViewController.swift; sourceTree = "<group>"; };
		13E45EB2211CBE7200259478 /* Base */ = {isa = PBXFileReference; lastKnownFileType = file.storyboard; name = Base; path = Base.lproj/Main.storyboard; sourceTree = "<group>"; };
		13E45EB4211CBE7300259478 /* Assets.xcassets */ = {isa = PBXFileReference; lastKnownFileType = folder.assetcatalog; path = Assets.xcassets; sourceTree = "<group>"; };
		13E45EB7211CBE7300259478 /* Base */ = {isa = PBXFileReference; lastKnownFileType = file.storyboard; name = Base; path = Base.lproj/LaunchScreen.storyboard; sourceTree = "<group>"; };
		13E45EB9211CBE7300259478 /* Info.plist */ = {isa = PBXFileReference; lastKnownFileType = text.plist.xml; path = Info.plist; sourceTree = "<group>"; };
		13E45EBE211CBE7300259478 /* loveTests.xctest */ = {isa = PBXFileReference; explicitFileType = wrapper.cfbundle; includeInIndex = 0; path = loveTests.xctest; sourceTree = BUILT_PRODUCTS_DIR; };
		13E45EC2211CBE7300259478 /* loveTests.swift */ = {isa = PBXFileReference; lastKnownFileType = sourcecode.swift; path = loveTests.swift; sourceTree = "<group>"; };
		13E45EC4211CBE7300259478 /* Info.plist */ = {isa = PBXFileReference; lastKnownFileType = text.plist.xml; path = Info.plist; sourceTree = "<group>"; };
		13E45EC9211CBE7300259478 /* loveUITests.xctest */ = {isa = PBXFileReference; explicitFileType = wrapper.cfbundle; includeInIndex = 0; path = loveUITests.xctest; sourceTree = BUILT_PRODUCTS_DIR; };
		13E45ECD211CBE7300259478 /* loveUITests.swift */ = {isa = PBXFileReference; lastKnownFileType = sourcecode.swift; path = loveUITests.swift; sourceTree = "<group>"; };
		13E45ECF211CBE7300259478 /* Info.plist */ = {isa = PBXFileReference; lastKnownFileType = text.plist.xml; path = Info.plist; sourceTree = "<group>"; };
/* End PBXFileReference section */

/* Begin PBXFrameworksBuildPhase section */
		13E45EA7211CBE7200259478 /* Frameworks */ = {
			isa = PBXFrameworksBuildPhase;
			buildActionMask = 2147483647;
			files = (
			);
			runOnlyForDeploymentPostprocessing = 0;
		};
		13E45EBB211CBE7300259478 /* Frameworks */ = {
			isa = PBXFrameworksBuildPhase;
			buildActionMask = 2147483647;
			files = (
			);
			runOnlyForDeploymentPostprocessing = 0;
		};
		13E45EC6211CBE7300259478 /* Frameworks */ = {
			isa = PBXFrameworksBuildPhase;
			buildActionMask = 2147483647;
			files = (
			);
			runOnlyForDeploymentPostprocessing = 0;
		};
/* End PBXFrameworksBuildPhase section */

/* Begin PBXGroup section */
		13E45EA1211CBE7200259478 = {
			isa = PBXGroup;
			children = (
				13E45EAC211CBE7200259478 /* love */,
				13E45EC1211CBE7300259478 /* loveTests */,
				13E45ECC211CBE7300259478 /* loveUITests */,
				13E45EAB211CBE7200259478 /* Products */,
			);
			sourceTree = "<group>";
		};
		13E45EAB211CBE7200259478 /* Products */ = {
			isa = PBXGroup;
			children = (
				13E45EAA211CBE7200259478 /* love.app */,
				13E45EBE211CBE7300259478 /* loveTests.xctest */,
				13E45EC9211CBE7300259478 /* loveUITests.xctest */,
			);
			name = Products;
			sourceTree = "<group>";
		};
		13E45EAC211CBE7200259478 /* love */ = {
			isa = PBXGroup;
			children = (
				13E45EAD211CBE7200259478 /* AppDelegate.swift */,
				13E45EAF211CBE7200259478 /* ViewController.swift */,
				13E45EB1211CBE7200259478 /* Main.storyboard */,
				13E45EB4211CBE7300259478 /* Assets.xcassets */,
				13E45EB6211CBE7300259478 /* LaunchScreen.storyboard */,
				13E45EB9211CBE7300259478 /* Info.plist */,
			);
			path = love;
			sourceTree = "<group>";
		};
		13E45EC1211CBE7300259478 /* loveTests */ = {
			isa = PBXGroup;
			children = (
				13E45EC2211CBE7300259478 /* loveTests.swift */,
				13E45EC4211CBE7300259478 /* Info.plist */,
			);
			path = loveTests;
			sourceTree = "<group>";
		};
		13E45ECC211CBE7300259478 /* loveUITests */ = {
			isa = PBXGroup;
			children = (
				13E45ECD211CBE7300259478 /* loveUITests.swift */,
				13E45ECF211CBE7300259478 /* Info.plist */,
			);
			path = loveUITests;
			sourceTree = "<group>";
		};
/* End PBXGroup section */

/* Begin PBXNativeTarget section */
		13E45EA9211CBE7200259478 /* love */ = {
			isa = PBXNativeTarget;
			buildConfigurationList = 13E45ED2211CBE7300259478 /* Build configuration list for PBXNativeTarget "love" */;
			buildPhases = (
				13E45EA6211CBE7200259478 /* Sources */,
				13E45EA7211CBE7200259478 /* Frameworks */,
				13E45EA8211CBE7200259478 /* Resources */,
			);
			buildRules = (
			);
			dependencies = (
			);
			name = love;
			productName = love;
			productReference = 13E45EAA211CBE7200259478 /* love.app */;
			productType = "com.apple.product-type.application";
		};
		13E45EBD211CBE7300259478 /* loveTests */ = {
			isa = PBXNativeTarget;
			buildConfigurationList = 13E45ED5211CBE7300259478 /* Build configuration list for PBXNativeTarget "loveTests" */;
			buildPhases = (
				13E45EBA211CBE7300259478 /* Sources */,
				13E45EBB211CBE7300259478 /* Frameworks */,
				13E45EBC211CBE7300259478 /* Resources */,
			);
			buildRules = (
			);
			dependencies = (
				13E45EC0211CBE7300259478 /* PBXTargetDependency */,
			);
			name = loveTests;
			productName = loveTests;
			productReference = 13E45EBE211CBE7300259478 /* loveTests.xctest */;
			productType = "com.apple.product-type.bundle.unit-test";
		};
		13E45EC8211CBE7300259478 /* loveUITests */ = {
			isa = PBXNativeTarget;
			buildConfigurationList = 13E45ED8211CBE7300259478 /* Build configuration list for PBXNativeTarget "loveUITests" */;
			buildPhases = (
				13E45EC5211CBE7300259478 /* Sources */,
				13E45EC6211CBE7300259478 /* Frameworks */,
				13E45EC7211CBE7300259478 /* Resources */,
			);
			buildRules = (
			);
			dependencies = (
				13E45ECB211CBE7300259478 /* PBXTargetDependency */,
			);
			name = loveUITests;
			productName = loveUITests;
			productReference = 13E45EC9211CBE7300259478 /* loveUITests.xctest */;
			productType = "com.apple.product-type.bundle.ui-testing";
		};
/* End PBXNativeTarget section */

/* Begin PBXProject section */
		13E45EA2211CBE7200259478 /* Project object */ = {
			isa = PBXProject;
			attributes = {
				LastSwiftUpdateCheck = 0940;
				LastUpgradeCheck = 0940;
				ORGANIZATIONNAME = "Connie Lei";
				TargetAttributes = {
					13E45EA9211CBE7200259478 = {
						CreatedOnToolsVersion = 9.4.1;
					};
					13E45EBD211CBE7300259478 = {
						CreatedOnToolsVersion = 9.4.1;
						TestTargetID = 13E45EA9211CBE7200259478;
					};
					13E45EC8211CBE7300259478 = {
						CreatedOnToolsVersion = 9.4.1;
						TestTargetID = 13E45EA9211CBE7200259478;
					};
				};
			};
			buildConfigurationList = 13E45EA5211CBE7200259478 /* Build configuration list for PBXProject "love" */;
			compatibilityVersion = "Xcode 9.3";
			developmentRegion = en;
			hasScannedForEncodings = 0;
			knownRegions = (
				en,
				Base,
			);
			mainGroup = 13E45EA1211CBE7200259478;
			productRefGroup = 13E45EAB211CBE7200259478 /* Products */;
			projectDirPath = "";
			projectRoot = "";
			targets = (
				13E45EA9211CBE7200259478 /* love */,
				13E45EBD211CBE7300259478 /* loveTests */,
				13E45EC8211CBE7300259478 /* loveUITests */,
			);
		};
/* End PBXProject section */

/* Begin PBXResourcesBuildPhase section */
		13E45EA8211CBE7200259478 /* Resources */ = {
			isa = PBXResourcesBuildPhase;
			buildActionMask = 2147483647;
			files = (
				13E45EB8211CBE7300259478 /* LaunchScreen.storyboard in Resources */,
				13E45EB5211CBE7300259478 /* Assets.xcassets in Resources */,
				13E45EB3211CBE7200259478 /* Main.storyboard in Resources */,
			);
			runOnlyForDeploymentPostprocessing = 0;
		};
		13E45EBC211CBE7300259478 /* Resources */ = {
			isa = PBXResourcesBuildPhase;
			buildActionMask = 2147483647;
			files = (
			);
			runOnlyForDeploymentPostprocessing = 0;
		};
		13E45EC7211CBE7300259478 /* Resources */ = {
			isa = PBXResourcesBuildPhase;
			buildActionMask = 2147483647;
			files = (
			);
			runOnlyForDeploymentPostprocessing = 0;
		};
/* End PBXResourcesBuildPhase section */

/* Begin PBXSourcesBuildPhase section */
		13E45EA6211CBE7200259478 /* Sources */ = {
			isa = PBXSourcesBuildPhase;
			buildActionMask = 2147483647;
			files = (
				13E45EB0211CBE7200259478 /* ViewController.swift in Sources */,
				13E45EAE211CBE7200259478 /* AppDelegate.swift in Sources */,
			);
			runOnlyForDeploymentPostprocessing = 0;
		};
		13E45EBA211CBE7300259478 /* Sources */ = {
			isa = PBXSourcesBuildPhase;
			buildActionMask = 2147483647;
			files = (
				13E45EC3211CBE7300259478 /* loveTests.swift in Sources */,
			);
			runOnlyForDeploymentPostprocessing = 0;
		};
		13E45EC5211CBE7300259478 /* Sources */ = {
			isa = PBXSourcesBuildPhase;
			buildActionMask = 2147483647;
			files = (
				13E45ECE211CBE7300259478 /* loveUITests.swift in Sources */,
			);
			runOnlyForDeploymentPostprocessing = 0;
		};
/* End PBXSourcesBuildPhase section */

/* Begin PBXTargetDependency section */
		13E45EC0211CBE7300259478 /* PBXTargetDependency */ = {
			isa = PBXTargetDependency;
			target = 13E45EA9211CBE7200259478 /* love */;
			targetProxy = 13E45EBF211CBE7300259478 /* PBXContainerItemProxy */;
		};
		13E45ECB211CBE7300259478 /* PBXTargetDependency */ = {
			isa = PBXTargetDependency;
			target = 13E45EA9211CBE7200259478 /* love */;
			targetProxy = 13E45ECA211CBE7300259478 /* PBXContainerItemProxy */;
		};
/* End PBXTargetDependency section */

/* Begin PBXVariantGroup section */
		13E45EB1211CBE7200259478 /* Main.storyboard */ = {
			isa = PBXVariantGroup;
			children = (
				13E45EB2211CBE7200259478 /* Base */,
			);
			name = Main.storyboard;
			sourceTree = "<group>";
		};
		13E45EB6211CBE7300259478 /* LaunchScreen.storyboard */ = {
			isa = PBXVariantGroup;
			children = (
				13E45EB7211CBE7300259478 /* Base */,
			);
			name = LaunchScreen.storyboard;
			sourceTree = "<group>";
		};
/* End PBXVariantGroup section */

/* Begin XCBuildConfiguration section */
		13E45ED0211CBE7300259478 /* Debug */ = {
			isa = XCBuildConfiguration;
			buildSettings = {
				ALWAYS_SEARCH_USER_PATHS = NO;
				CLANG_ANALYZER_NONNULL = YES;
				CLANG_ANALYZER_NUMBER_OBJECT_CONVERSION = YES_AGGRESSIVE;
				CLANG_CXX_LANGUAGE_STANDARD = "gnu++14";
				CLANG_CXX_LIBRARY = "libc++";
				CLANG_ENABLE_MODULES = YES;
				CLANG_ENABLE_OBJC_ARC = YES;
				CLANG_ENABLE_OBJC_WEAK = YES;
				CLANG_WARN_BLOCK_CAPTURE_AUTORELEASING = YES;
				CLANG_WARN_BOOL_CONVERSION = YES;
				CLANG_WARN_COMMA = YES;
				CLANG_WARN_CONSTANT_CONVERSION = YES;
				CLANG_WARN_DEPRECATED_OBJC_IMPLEMENTATIONS = YES;
				CLANG_WARN_DIRECT_OBJC_ISA_USAGE = YES_ERROR;
				CLANG_WARN_DOCUMENTATION_COMMENTS = YES;
				CLANG_WARN_EMPTY_BODY = YES;
				CLANG_WARN_ENUM_CONVERSION = YES;
				CLANG_WARN_INFINITE_RECURSION = YES;
				CLANG_WARN_INT_CONVERSION = YES;
				CLANG_WARN_NON_LITERAL_NULL_CONVERSION = YES;
				CLANG_WARN_OBJC_IMPLICIT_RETAIN_SELF = YES;
				CLANG_WARN_OBJC_LITERAL_CONVERSION = YES;
				CLANG_WARN_OBJC_ROOT_CLASS = YES_ERROR;
				CLANG_WARN_RANGE_LOOP_ANALYSIS = YES;
				CLANG_WARN_STRICT_PROTOTYPES = YES;
				CLANG_WARN_SUSPICIOUS_MOVE = YES;
				CLANG_WARN_UNGUARDED_AVAILABILITY = YES_AGGRESSIVE;
				CLANG_WARN_UNREACHABLE_CODE = YES;
				CLANG_WARN__DUPLICATE_METHOD_MATCH = YES;
				CODE_SIGN_IDENTITY = "iPhone Developer";
				COPY_PHASE_STRIP = NO;
				DEBUG_INFORMATION_FORMAT = dwarf;
				ENABLE_STRICT_OBJC_MSGSEND = YES;
				ENABLE_TESTABILITY = YES;
				GCC_C_LANGUAGE_STANDARD = gnu11;
				GCC_DYNAMIC_NO_PIC = NO;
				GCC_NO_COMMON_BLOCKS = YES;
				GCC_OPTIMIZATION_LEVEL = 0;
				GCC_PREPROCESSOR_DEFINITIONS = (
					"DEBUG=1",
					"$(inherited)",
				);
				GCC_WARN_64_TO_32_BIT_CONVERSION = YES;
				GCC_WARN_ABOUT_RETURN_TYPE = YES_ERROR;
				GCC_WARN_UNDECLARED_SELECTOR = YES;
				GCC_WARN_UNINITIALIZED_AUTOS = YES_AGGRESSIVE;
				GCC_WARN_UNUSED_FUNCTION = YES;
				GCC_WARN_UNUSED_VARIABLE = YES;
				IPHONEOS_DEPLOYMENT_TARGET = 11.4;
				MTL_ENABLE_DEBUG_INFO = YES;
				ONLY_ACTIVE_ARCH = YES;
				SDKROOT = iphoneos;
				SWIFT_ACTIVE_COMPILATION_CONDITIONS = DEBUG;
				SWIFT_OPTIMIZATION_LEVEL = "-Onone";
			};
			name = Debug;
		};
		13E45ED1211CBE7300259478 /* Release */ = {
			isa = XCBuildConfiguration;
			buildSettings = {
				ALWAYS_SEARCH_USER_PATHS = NO;
				CLANG_ANALYZER_NONNULL = YES;
				CLANG_ANALYZER_NUMBER_OBJECT_CONVERSION = YES_AGGRESSIVE;
				CLANG_CXX_LANGUAGE_STANDARD = "gnu++14";
				CLANG_CXX_LIBRARY = "libc++";
				CLANG_ENABLE_MODULES = YES;
				CLANG_ENABLE_OBJC_ARC = YES;
				CLANG_ENABLE_OBJC_WEAK = YES;
				CLANG_WARN_BLOCK_CAPTURE_AUTORELEASING = YES;
				CLANG_WARN_BOOL_CONVERSION = YES;
				CLANG_WARN_COMMA = YES;
				CLANG_WARN_CONSTANT_CONVERSION = YES;
				CLANG_WARN_DEPRECATED_OBJC_IMPLEMENTATIONS = YES;
				CLANG_WARN_DIRECT_OBJC_ISA_USAGE = YES_ERROR;
				CLANG_WARN_DOCUMENTATION_COMMENTS = YES;
				CLANG_WARN_EMPTY_BODY = YES;
				CLANG_WARN_ENUM_CONVERSION = YES;
				CLANG_WARN_INFINITE_RECURSION = YES;
				CLANG_WARN_INT_CONVERSION = YES;
				CLANG_WARN_NON_LITERAL_NULL_CONVERSION = YES;
				CLANG_WARN_OBJC_IMPLICIT_RETAIN_SELF = YES;
				CLANG_WARN_OBJC_LITERAL_CONVERSION = YES;
				CLANG_WARN_OBJC_ROOT_CLASS = YES_ERROR;
				CLANG_WARN_RANGE_LOOP_ANALYSIS = YES;
				CLANG_WARN_STRICT_PROTOTYPES = YES;
				CLANG_WARN_SUSPICIOUS_MOVE = YES;
				CLANG_WARN_UNGUARDED_AVAILABILITY = YES_AGGRESSIVE;
				CLANG_WARN_UNREACHABLE_CODE = YES;
				CLANG_WARN__DUPLICATE_METHOD_MATCH = YES;
				CODE_SIGN_IDENTITY = "iPhone Developer";
				COPY_PHASE_STRIP = NO;
				DEBUG_INFORMATION_FORMAT = "dwarf-with-dsym";
				ENABLE_NS_ASSERTIONS = NO;
				ENABLE_STRICT_OBJC_MSGSEND = YES;
				GCC_C_LANGUAGE_STANDARD = gnu11;
				GCC_NO_COMMON_BLOCKS = YES;
				GCC_WARN_64_TO_32_BIT_CONVERSION = YES;
				GCC_WARN_ABOUT_RETURN_TYPE = YES_ERROR;
				GCC_WARN_UNDECLARED_SELECTOR = YES;
				GCC_WARN_UNINITIALIZED_AUTOS = YES_AGGRESSIVE;
				GCC_WARN_UNUSED_FUNCTION = YES;
				GCC_WARN_UNUSED_VARIABLE = YES;
				IPHONEOS_DEPLOYMENT_TARGET = 11.4;
				MTL_ENABLE_DEBUG_INFO = NO;
				SDKROOT = iphoneos;
				SWIFT_COMPILATION_MODE = wholemodule;
				SWIFT_OPTIMIZATION_LEVEL = "-O";
				VALIDATE_PRODUCT = YES;
			};
			name = Release;
		};
		13E45ED3211CBE7300259478 /* Debug */ = {
			isa = XCBuildConfiguration;
			buildSettings = {
				ASSETCATALOG_COMPILER_APPICON_NAME = AppIcon;
				CODE_SIGN_STYLE = Automatic;
				INFOPLIST_FILE = love/Info.plist;
				LD_RUNPATH_SEARCH_PATHS = (
					"$(inherited)",
					"@executable_path/Frameworks",
				);
				PRODUCT_BUNDLE_IDENTIFIER = connie.love;
				PRODUCT_NAME = "$(TARGET_NAME)";
				SWIFT_VERSION = 4.0;
				TARGETED_DEVICE_FAMILY = "1,2";
			};
			name = Debug;
		};
		13E45ED4211CBE7300259478 /* Release */ = {
			isa = XCBuildConfiguration;
			buildSettings = {
				ASSETCATALOG_COMPILER_APPICON_NAME = AppIcon;
				CODE_SIGN_STYLE = Automatic;
				INFOPLIST_FILE = love/Info.plist;
				LD_RUNPATH_SEARCH_PATHS = (
					"$(inherited)",
					"@executable_path/Frameworks",
				);
				PRODUCT_BUNDLE_IDENTIFIER = connie.love;
				PRODUCT_NAME = "$(TARGET_NAME)";
				SWIFT_VERSION = 4.0;
				TARGETED_DEVICE_FAMILY = "1,2";
			};
			name = Release;
		};
		13E45ED6211CBE7300259478 /* Debug */ = {
			isa = XCBuildConfiguration;
			buildSettings = {
				ALWAYS_EMBED_SWIFT_STANDARD_LIBRARIES = YES;
				BUNDLE_LOADER = "$(TEST_HOST)";
				CODE_SIGN_STYLE = Automatic;
				INFOPLIST_FILE = loveTests/Info.plist;
				LD_RUNPATH_SEARCH_PATHS = (
					"$(inherited)",
					"@executable_path/Frameworks",
					"@loader_path/Frameworks",
				);
				PRODUCT_BUNDLE_IDENTIFIER = connie.loveTests;
				PRODUCT_NAME = "$(TARGET_NAME)";
				SWIFT_VERSION = 4.0;
				TARGETED_DEVICE_FAMILY = "1,2";
				TEST_HOST = "$(BUILT_PRODUCTS_DIR)/love.app/love";
			};
			name = Debug;
		};
		13E45ED7211CBE7300259478 /* Release */ = {
			isa = XCBuildConfiguration;
			buildSettings = {
				ALWAYS_EMBED_SWIFT_STANDARD_LIBRARIES = YES;
				BUNDLE_LOADER = "$(TEST_HOST)";
				CODE_SIGN_STYLE = Automatic;
				INFOPLIST_FILE = loveTests/Info.plist;
				LD_RUNPATH_SEARCH_PATHS = (
					"$(inherited)",
					"@executable_path/Frameworks",
					"@loader_path/Frameworks",
				);
				PRODUCT_BUNDLE_IDENTIFIER = connie.loveTests;
				PRODUCT_NAME = "$(TARGET_NAME)";
				SWIFT_VERSION = 4.0;
				TARGETED_DEVICE_FAMILY = "1,2";
				TEST_HOST = "$(BUILT_PRODUCTS_DIR)/love.app/love";
			};
			name = Release;
		};
		13E45ED9211CBE7300259478 /* Debug */ = {
			isa = XCBuildConfiguration;
			buildSettings = {
				ALWAYS_EMBED_SWIFT_STANDARD_LIBRARIES = YES;
				CODE_SIGN_STYLE = Automatic;
				INFOPLIST_FILE = loveUITests/Info.plist;
				LD_RUNPATH_SEARCH_PATHS = (
					"$(inherited)",
					"@executable_path/Frameworks",
					"@loader_path/Frameworks",
				);
				PRODUCT_BUNDLE_IDENTIFIER = connie.loveUITests;
				PRODUCT_NAME = "$(TARGET_NAME)";
				SWIFT_VERSION = 4.0;
				TARGETED_DEVICE_FAMILY = "1,2";
				TEST_TARGET_NAME = love;
			};
			name = Debug;
		};
		13E45EDA211CBE7300259478 /* Release */ = {
			isa = XCBuildConfiguration;
			buildSettings = {
				ALWAYS_EMBED_SWIFT_STANDARD_LIBRARIES = YES;
				CODE_SIGN_STYLE = Automatic;
				INFOPLIST_FILE = loveUITests/Info.plist;
				LD_RUNPATH_SEARCH_PATHS = (
					"$(inherited)",
					"@executable_path/Frameworks",
					"@loader_path/Frameworks",
				);
				PRODUCT_BUNDLE_IDENTIFIER = connie.loveUITests;
				PRODUCT_NAME = "$(TARGET_NAME)";
				SWIFT_VERSION = 4.0;
				TARGETED_DEVICE_FAMILY = "1,2";
				TEST_TARGET_NAME = love;
			};
			name = Release;
		};
/* End XCBuildConfiguration section */

/* Begin XCConfigurationList section */
		13E45EA5211CBE7200259478 /* Build configuration list for PBXProject "love" */ = {
			isa = XCConfigurationList;
			buildConfigurations = (
				13E45ED0211CBE7300259478 /* Debug */,
				13E45ED1211CBE7300259478 /* Release */,
			);
			defaultConfigurationIsVisible = 0;
			defaultConfigurationName = Release;
		};
		13E45ED2211CBE7300259478 /* Build configuration list for PBXNativeTarget "love" */ = {
			isa = XCConfigurationList;
			buildConfigurations = (
				13E45ED3211CBE7300259478 /* Debug */,
				13E45ED4211CBE7300259478 /* Release */,
			);
			defaultConfigurationIsVisible = 0;
			defaultConfigurationName = Release;
		};
		13E45ED5211CBE7300259478 /* Build configuration list for PBXNativeTarget "loveTests" */ = {
			isa = XCConfigurationList;
			buildConfigurations = (
				13E45ED6211CBE7300259478 /* Debug */,
				13E45ED7211CBE7300259478 /* Release */,
			);
			defaultConfigurationIsVisible = 0;
			defaultConfigurationName = Release;
		};
		13E45ED8211CBE7300259478 /* Build configuration list for PBXNativeTarget "loveUITests" */ = {
			isa = XCConfigurationList;
			buildConfigurations = (
				13E45ED9211CBE7300259478 /* Debug */,
				13E45EDA211CBE7300259478 /* Release */,
			);
			defaultConfigurationIsVisible = 0;
			defaultConfigurationName = Release;
		};
/* End XCConfigurationList section */
	};
	rootObject = 13E45EA2211CBE7200259478 /* Project object */;
}
