// !$*UTF8*$!
{
	archiveVersion = 1;
	classes = {
	};
	objectVersion = 50;
	objects = {

/* Begin PBXBuildFile section */
		13305980211DD72B00EF439F /* triviaModel.swift in Sources */ = {isa = PBXBuildFile; fileRef = 1330597F211DD72B00EF439F /* triviaModel.swift */; };
		13305984211E098B00EF439F /* RoundedButton.swift in Sources */ = {isa = PBXBuildFile; fileRef = 13305983211E098B00EF439F /* RoundedButton.swift */; };
		134E4F922118BE9A002761D0 /* AppDelegate.swift in Sources */ = {isa = PBXBuildFile; fileRef = 134E4F912118BE9A002761D0 /* AppDelegate.swift */; };
		134E4F942118BE9A002761D0 /* ViewController.swift in Sources */ = {isa = PBXBuildFile; fileRef = 134E4F932118BE9A002761D0 /* ViewController.swift */; };
		134E4F972118BE9A002761D0 /* Main.storyboard in Resources */ = {isa = PBXBuildFile; fileRef = 134E4F952118BE9A002761D0 /* Main.storyboard */; };
		134E4F992118BE9B002761D0 /* Assets.xcassets in Resources */ = {isa = PBXBuildFile; fileRef = 134E4F982118BE9B002761D0 /* Assets.xcassets */; };
		134E4F9C2118BE9B002761D0 /* LaunchScreen.storyboard in Resources */ = {isa = PBXBuildFile; fileRef = 134E4F9A2118BE9B002761D0 /* LaunchScreen.storyboard */; };
		134E4FA72118BE9B002761D0 /* project1Tests.swift in Sources */ = {isa = PBXBuildFile; fileRef = 134E4FA62118BE9B002761D0 /* project1Tests.swift */; };
		134E4FB22118BE9B002761D0 /* project1UITests.swift in Sources */ = {isa = PBXBuildFile; fileRef = 134E4FB12118BE9B002761D0 /* project1UITests.swift */; };
/* End PBXBuildFile section */

/* Begin PBXContainerItemProxy section */
		134E4FA32118BE9B002761D0 /* PBXContainerItemProxy */ = {
			isa = PBXContainerItemProxy;
			containerPortal = 134E4F862118BE99002761D0 /* Project object */;
			proxyType = 1;
			remoteGlobalIDString = 134E4F8D2118BE99002761D0;
			remoteInfo = project1;
		};
		134E4FAE2118BE9B002761D0 /* PBXContainerItemProxy */ = {
			isa = PBXContainerItemProxy;
			containerPortal = 134E4F862118BE99002761D0 /* Project object */;
			proxyType = 1;
			remoteGlobalIDString = 134E4F8D2118BE99002761D0;
			remoteInfo = project1;
		};
/* End PBXContainerItemProxy section */

/* Begin PBXFileReference section */
		1330597F211DD72B00EF439F /* triviaModel.swift */ = {isa = PBXFileReference; lastKnownFileType = sourcecode.swift; path = triviaModel.swift; sourceTree = "<group>"; };
		13305983211E098B00EF439F /* RoundedButton.swift */ = {isa = PBXFileReference; lastKnownFileType = sourcecode.swift; path = RoundedButton.swift; sourceTree = "<group>"; };
		134E4F8E2118BE9A002761D0 /* project1.app */ = {isa = PBXFileReference; explicitFileType = wrapper.application; includeInIndex = 0; path = project1.app; sourceTree = BUILT_PRODUCTS_DIR; };
		134E4F912118BE9A002761D0 /* AppDelegate.swift */ = {isa = PBXFileReference; lastKnownFileType = sourcecode.swift; path = AppDelegate.swift; sourceTree = "<group>"; };
		134E4F932118BE9A002761D0 /* ViewController.swift */ = {isa = PBXFileReference; lastKnownFileType = sourcecode.swift; path = ViewController.swift; sourceTree = "<group>"; };
		134E4F962118BE9A002761D0 /* Base */ = {isa = PBXFileReference; lastKnownFileType = file.storyboard; name = Base; path = Base.lproj/Main.storyboard; sourceTree = "<group>"; };
		134E4F982118BE9B002761D0 /* Assets.xcassets */ = {isa = PBXFileReference; lastKnownFileType = folder.assetcatalog; path = Assets.xcassets; sourceTree = "<group>"; };
		134E4F9B2118BE9B002761D0 /* Base */ = {isa = PBXFileReference; lastKnownFileType = file.storyboard; name = Base; path = Base.lproj/LaunchScreen.storyboard; sourceTree = "<group>"; };
		134E4F9D2118BE9B002761D0 /* Info.plist */ = {isa = PBXFileReference; lastKnownFileType = text.plist.xml; path = Info.plist; sourceTree = "<group>"; };
		134E4FA22118BE9B002761D0 /* project1Tests.xctest */ = {isa = PBXFileReference; explicitFileType = wrapper.cfbundle; includeInIndex = 0; path = project1Tests.xctest; sourceTree = BUILT_PRODUCTS_DIR; };
		134E4FA62118BE9B002761D0 /* project1Tests.swift */ = {isa = PBXFileReference; lastKnownFileType = sourcecode.swift; path = project1Tests.swift; sourceTree = "<group>"; };
		134E4FA82118BE9B002761D0 /* Info.plist */ = {isa = PBXFileReference; lastKnownFileType = text.plist.xml; path = Info.plist; sourceTree = "<group>"; };
		134E4FAD2118BE9B002761D0 /* project1UITests.xctest */ = {isa = PBXFileReference; explicitFileType = wrapper.cfbundle; includeInIndex = 0; path = project1UITests.xctest; sourceTree = BUILT_PRODUCTS_DIR; };
		134E4FB12118BE9B002761D0 /* project1UITests.swift */ = {isa = PBXFileReference; lastKnownFileType = sourcecode.swift; path = project1UITests.swift; sourceTree = "<group>"; };
		134E4FB32118BE9B002761D0 /* Info.plist */ = {isa = PBXFileReference; lastKnownFileType = text.plist.xml; path = Info.plist; sourceTree = "<group>"; };
/* End PBXFileReference section */

/* Begin PBXFrameworksBuildPhase section */
		134E4F8B2118BE99002761D0 /* Frameworks */ = {
			isa = PBXFrameworksBuildPhase;
			buildActionMask = 2147483647;
			files = (
			);
			runOnlyForDeploymentPostprocessing = 0;
		};
		134E4F9F2118BE9B002761D0 /* Frameworks */ = {
			isa = PBXFrameworksBuildPhase;
			buildActionMask = 2147483647;
			files = (
			);
			runOnlyForDeploymentPostprocessing = 0;
		};
		134E4FAA2118BE9B002761D0 /* Frameworks */ = {
			isa = PBXFrameworksBuildPhase;
			buildActionMask = 2147483647;
			files = (
			);
			runOnlyForDeploymentPostprocessing = 0;
		};
/* End PBXFrameworksBuildPhase section */

/* Begin PBXGroup section */
		134E4F852118BE99002761D0 = {
			isa = PBXGroup;
			children = (
				134E4F902118BE9A002761D0 /* project1 */,
				134E4FA52118BE9B002761D0 /* project1Tests */,
				134E4FB02118BE9B002761D0 /* project1UITests */,
				134E4F8F2118BE9A002761D0 /* Products */,
			);
			sourceTree = "<group>";
		};
		134E4F8F2118BE9A002761D0 /* Products */ = {
			isa = PBXGroup;
			children = (
				134E4F8E2118BE9A002761D0 /* project1.app */,
				134E4FA22118BE9B002761D0 /* project1Tests.xctest */,
				134E4FAD2118BE9B002761D0 /* project1UITests.xctest */,
			);
			name = Products;
			sourceTree = "<group>";
		};
		134E4F902118BE9A002761D0 /* project1 */ = {
			isa = PBXGroup;
			children = (
				134E4F912118BE9A002761D0 /* AppDelegate.swift */,
				134E4F932118BE9A002761D0 /* ViewController.swift */,
				134E4F952118BE9A002761D0 /* Main.storyboard */,
				13305983211E098B00EF439F /* RoundedButton.swift */,
				134E4F982118BE9B002761D0 /* Assets.xcassets */,
				134E4F9A2118BE9B002761D0 /* LaunchScreen.storyboard */,
				134E4F9D2118BE9B002761D0 /* Info.plist */,
				1330597F211DD72B00EF439F /* triviaModel.swift */,
			);
			path = project1;
			sourceTree = "<group>";
		};
		134E4FA52118BE9B002761D0 /* project1Tests */ = {
			isa = PBXGroup;
			children = (
				134E4FA62118BE9B002761D0 /* project1Tests.swift */,
				134E4FA82118BE9B002761D0 /* Info.plist */,
			);
			path = project1Tests;
			sourceTree = "<group>";
		};
		134E4FB02118BE9B002761D0 /* project1UITests */ = {
			isa = PBXGroup;
			children = (
				134E4FB12118BE9B002761D0 /* project1UITests.swift */,
				134E4FB32118BE9B002761D0 /* Info.plist */,
			);
			path = project1UITests;
			sourceTree = "<group>";
		};
/* End PBXGroup section */

/* Begin PBXNativeTarget section */
		134E4F8D2118BE99002761D0 /* project1 */ = {
			isa = PBXNativeTarget;
			buildConfigurationList = 134E4FB62118BE9B002761D0 /* Build configuration list for PBXNativeTarget "project1" */;
			buildPhases = (
				134E4F8A2118BE99002761D0 /* Sources */,
				134E4F8B2118BE99002761D0 /* Frameworks */,
				134E4F8C2118BE99002761D0 /* Resources */,
			);
			buildRules = (
			);
			dependencies = (
			);
			name = project1;
			productName = project1;
			productReference = 134E4F8E2118BE9A002761D0 /* project1.app */;
			productType = "com.apple.product-type.application";
		};
		134E4FA12118BE9B002761D0 /* project1Tests */ = {
			isa = PBXNativeTarget;
			buildConfigurationList = 134E4FB92118BE9B002761D0 /* Build configuration list for PBXNativeTarget "project1Tests" */;
			buildPhases = (
				134E4F9E2118BE9B002761D0 /* Sources */,
				134E4F9F2118BE9B002761D0 /* Frameworks */,
				134E4FA02118BE9B002761D0 /* Resources */,
			);
			buildRules = (
			);
			dependencies = (
				134E4FA42118BE9B002761D0 /* PBXTargetDependency */,
			);
			name = project1Tests;
			productName = project1Tests;
			productReference = 134E4FA22118BE9B002761D0 /* project1Tests.xctest */;
			productType = "com.apple.product-type.bundle.unit-test";
		};
		134E4FAC2118BE9B002761D0 /* project1UITests */ = {
			isa = PBXNativeTarget;
			buildConfigurationList = 134E4FBC2118BE9B002761D0 /* Build configuration list for PBXNativeTarget "project1UITests" */;
			buildPhases = (
				134E4FA92118BE9B002761D0 /* Sources */,
				134E4FAA2118BE9B002761D0 /* Frameworks */,
				134E4FAB2118BE9B002761D0 /* Resources */,
			);
			buildRules = (
			);
			dependencies = (
				134E4FAF2118BE9B002761D0 /* PBXTargetDependency */,
			);
			name = project1UITests;
			productName = project1UITests;
			productReference = 134E4FAD2118BE9B002761D0 /* project1UITests.xctest */;
			productType = "com.apple.product-type.bundle.ui-testing";
		};
/* End PBXNativeTarget section */

/* Begin PBXProject section */
		134E4F862118BE99002761D0 /* Project object */ = {
			isa = PBXProject;
			attributes = {
				LastSwiftUpdateCheck = 0940;
				LastUpgradeCheck = 0940;
				ORGANIZATIONNAME = "Connie Lei";
				TargetAttributes = {
					134E4F8D2118BE99002761D0 = {
						CreatedOnToolsVersion = 9.4.1;
					};
					134E4FA12118BE9B002761D0 = {
						CreatedOnToolsVersion = 9.4.1;
						TestTargetID = 134E4F8D2118BE99002761D0;
					};
					134E4FAC2118BE9B002761D0 = {
						CreatedOnToolsVersion = 9.4.1;
						TestTargetID = 134E4F8D2118BE99002761D0;
					};
				};
			};
			buildConfigurationList = 134E4F892118BE99002761D0 /* Build configuration list for PBXProject "project1" */;
			compatibilityVersion = "Xcode 9.3";
			developmentRegion = en;
			hasScannedForEncodings = 0;
			knownRegions = (
				en,
				Base,
			);
			mainGroup = 134E4F852118BE99002761D0;
			productRefGroup = 134E4F8F2118BE9A002761D0 /* Products */;
			projectDirPath = "";
			projectRoot = "";
			targets = (
				134E4F8D2118BE99002761D0 /* project1 */,
				134E4FA12118BE9B002761D0 /* project1Tests */,
				134E4FAC2118BE9B002761D0 /* project1UITests */,
			);
		};
/* End PBXProject section */

/* Begin PBXResourcesBuildPhase section */
		134E4F8C2118BE99002761D0 /* Resources */ = {
			isa = PBXResourcesBuildPhase;
			buildActionMask = 2147483647;
			files = (
				134E4F9C2118BE9B002761D0 /* LaunchScreen.storyboard in Resources */,
				134E4F992118BE9B002761D0 /* Assets.xcassets in Resources */,
				134E4F972118BE9A002761D0 /* Main.storyboard in Resources */,
			);
			runOnlyForDeploymentPostprocessing = 0;
		};
		134E4FA02118BE9B002761D0 /* Resources */ = {
			isa = PBXResourcesBuildPhase;
			buildActionMask = 2147483647;
			files = (
			);
			runOnlyForDeploymentPostprocessing = 0;
		};
		134E4FAB2118BE9B002761D0 /* Resources */ = {
			isa = PBXResourcesBuildPhase;
			buildActionMask = 2147483647;
			files = (
			);
			runOnlyForDeploymentPostprocessing = 0;
		};
/* End PBXResourcesBuildPhase section */

/* Begin PBXSourcesBuildPhase section */
		134E4F8A2118BE99002761D0 /* Sources */ = {
			isa = PBXSourcesBuildPhase;
			buildActionMask = 2147483647;
			files = (
				134E4F942118BE9A002761D0 /* ViewController.swift in Sources */,
				134E4F922118BE9A002761D0 /* AppDelegate.swift in Sources */,
				13305980211DD72B00EF439F /* triviaModel.swift in Sources */,
				13305984211E098B00EF439F /* RoundedButton.swift in Sources */,
			);
			runOnlyForDeploymentPostprocessing = 0;
		};
		134E4F9E2118BE9B002761D0 /* Sources */ = {
			isa = PBXSourcesBuildPhase;
			buildActionMask = 2147483647;
			files = (
				134E4FA72118BE9B002761D0 /* project1Tests.swift in Sources */,
			);
			runOnlyForDeploymentPostprocessing = 0;
		};
		134E4FA92118BE9B002761D0 /* Sources */ = {
			isa = PBXSourcesBuildPhase;
			buildActionMask = 2147483647;
			files = (
				134E4FB22118BE9B002761D0 /* project1UITests.swift in Sources */,
			);
			runOnlyForDeploymentPostprocessing = 0;
		};
/* End PBXSourcesBuildPhase section */

/* Begin PBXTargetDependency section */
		134E4FA42118BE9B002761D0 /* PBXTargetDependency */ = {
			isa = PBXTargetDependency;
			target = 134E4F8D2118BE99002761D0 /* project1 */;
			targetProxy = 134E4FA32118BE9B002761D0 /* PBXContainerItemProxy */;
		};
		134E4FAF2118BE9B002761D0 /* PBXTargetDependency */ = {
			isa = PBXTargetDependency;
			target = 134E4F8D2118BE99002761D0 /* project1 */;
			targetProxy = 134E4FAE2118BE9B002761D0 /* PBXContainerItemProxy */;
		};
/* End PBXTargetDependency section */

/* Begin PBXVariantGroup section */
		134E4F952118BE9A002761D0 /* Main.storyboard */ = {
			isa = PBXVariantGroup;
			children = (
				134E4F962118BE9A002761D0 /* Base */,
			);
			name = Main.storyboard;
			sourceTree = "<group>";
		};
		134E4F9A2118BE9B002761D0 /* LaunchScreen.storyboard */ = {
			isa = PBXVariantGroup;
			children = (
				134E4F9B2118BE9B002761D0 /* Base */,
			);
			name = LaunchScreen.storyboard;
			sourceTree = "<group>";
		};
/* End PBXVariantGroup section */

/* Begin XCBuildConfiguration section */
		134E4FB42118BE9B002761D0 /* Debug */ = {
			isa = XCBuildConfiguration;
			buildSettings = {
				ALWAYS_SEARCH_USER_PATHS = NO;
				CLANG_ANALYZER_NONNULL = YES;
				CLANG_ANALYZER_NUMBER_OBJECT_CONVERSION = YES_AGGRESSIVE;
				CLANG_CXX_LANGUAGE_STANDARD = "gnu++14";
				CLANG_CXX_LIBRARY = "libc++";
				CLANG_ENABLE_MODULES = YES;
				CLANG_ENABLE_OBJC_ARC = YES;
				CLANG_ENABLE_OBJC_WEAK = YES;
				CLANG_WARN_BLOCK_CAPTURE_AUTORELEASING = YES;
				CLANG_WARN_BOOL_CONVERSION = YES;
				CLANG_WARN_COMMA = YES;
				CLANG_WARN_CONSTANT_CONVERSION = YES;
				CLANG_WARN_DEPRECATED_OBJC_IMPLEMENTATIONS = YES;
				CLANG_WARN_DIRECT_OBJC_ISA_USAGE = YES_ERROR;
				CLANG_WARN_DOCUMENTATION_COMMENTS = YES;
				CLANG_WARN_EMPTY_BODY = YES;
				CLANG_WARN_ENUM_CONVERSION = YES;
				CLANG_WARN_INFINITE_RECURSION = YES;
				CLANG_WARN_INT_CONVERSION = YES;
				CLANG_WARN_NON_LITERAL_NULL_CONVERSION = YES;
				CLANG_WARN_OBJC_IMPLICIT_RETAIN_SELF = YES;
				CLANG_WARN_OBJC_LITERAL_CONVERSION = YES;
				CLANG_WARN_OBJC_ROOT_CLASS = YES_ERROR;
				CLANG_WARN_RANGE_LOOP_ANALYSIS = YES;
				CLANG_WARN_STRICT_PROTOTYPES = YES;
				CLANG_WARN_SUSPICIOUS_MOVE = YES;
				CLANG_WARN_UNGUARDED_AVAILABILITY = YES_AGGRESSIVE;
				CLANG_WARN_UNREACHABLE_CODE = YES;
				CLANG_WARN__DUPLICATE_METHOD_MATCH = YES;
				CODE_SIGN_IDENTITY = "iPhone Developer";
				COPY_PHASE_STRIP = NO;
				DEBUG_INFORMATION_FORMAT = dwarf;
				ENABLE_STRICT_OBJC_MSGSEND = YES;
				ENABLE_TESTABILITY = YES;
				GCC_C_LANGUAGE_STANDARD = gnu11;
				GCC_DYNAMIC_NO_PIC = NO;
				GCC_NO_COMMON_BLOCKS = YES;
				GCC_OPTIMIZATION_LEVEL = 0;
				GCC_PREPROCESSOR_DEFINITIONS = (
					"DEBUG=1",
					"$(inherited)",
				);
				GCC_WARN_64_TO_32_BIT_CONVERSION = YES;
				GCC_WARN_ABOUT_RETURN_TYPE = YES_ERROR;
				GCC_WARN_UNDECLARED_SELECTOR = YES;
				GCC_WARN_UNINITIALIZED_AUTOS = YES_AGGRESSIVE;
				GCC_WARN_UNUSED_FUNCTION = YES;
				GCC_WARN_UNUSED_VARIABLE = YES;
				IPHONEOS_DEPLOYMENT_TARGET = 11.4;
				MTL_ENABLE_DEBUG_INFO = YES;
				ONLY_ACTIVE_ARCH = YES;
				SDKROOT = iphoneos;
				SWIFT_ACTIVE_COMPILATION_CONDITIONS = DEBUG;
				SWIFT_OPTIMIZATION_LEVEL = "-Onone";
			};
			name = Debug;
		};
		134E4FB52118BE9B002761D0 /* Release */ = {
			isa = XCBuildConfiguration;
			buildSettings = {
				ALWAYS_SEARCH_USER_PATHS = NO;
				CLANG_ANALYZER_NONNULL = YES;
				CLANG_ANALYZER_NUMBER_OBJECT_CONVERSION = YES_AGGRESSIVE;
				CLANG_CXX_LANGUAGE_STANDARD = "gnu++14";
				CLANG_CXX_LIBRARY = "libc++";
				CLANG_ENABLE_MODULES = YES;
				CLANG_ENABLE_OBJC_ARC = YES;
				CLANG_ENABLE_OBJC_WEAK = YES;
				CLANG_WARN_BLOCK_CAPTURE_AUTORELEASING = YES;
				CLANG_WARN_BOOL_CONVERSION = YES;
				CLANG_WARN_COMMA = YES;
				CLANG_WARN_CONSTANT_CONVERSION = YES;
				CLANG_WARN_DEPRECATED_OBJC_IMPLEMENTATIONS = YES;
				CLANG_WARN_DIRECT_OBJC_ISA_USAGE = YES_ERROR;
				CLANG_WARN_DOCUMENTATION_COMMENTS = YES;
				CLANG_WARN_EMPTY_BODY = YES;
				CLANG_WARN_ENUM_CONVERSION = YES;
				CLANG_WARN_INFINITE_RECURSION = YES;
				CLANG_WARN_INT_CONVERSION = YES;
				CLANG_WARN_NON_LITERAL_NULL_CONVERSION = YES;
				CLANG_WARN_OBJC_IMPLICIT_RETAIN_SELF = YES;
				CLANG_WARN_OBJC_LITERAL_CONVERSION = YES;
				CLANG_WARN_OBJC_ROOT_CLASS = YES_ERROR;
				CLANG_WARN_RANGE_LOOP_ANALYSIS = YES;
				CLANG_WARN_STRICT_PROTOTYPES = YES;
				CLANG_WARN_SUSPICIOUS_MOVE = YES;
				CLANG_WARN_UNGUARDED_AVAILABILITY = YES_AGGRESSIVE;
				CLANG_WARN_UNREACHABLE_CODE = YES;
				CLANG_WARN__DUPLICATE_METHOD_MATCH = YES;
				CODE_SIGN_IDENTITY = "iPhone Developer";
				COPY_PHASE_STRIP = NO;
				DEBUG_INFORMATION_FORMAT = "dwarf-with-dsym";
				ENABLE_NS_ASSERTIONS = NO;
				ENABLE_STRICT_OBJC_MSGSEND = YES;
				GCC_C_LANGUAGE_STANDARD = gnu11;
				GCC_NO_COMMON_BLOCKS = YES;
				GCC_WARN_64_TO_32_BIT_CONVERSION = YES;
				GCC_WARN_ABOUT_RETURN_TYPE = YES_ERROR;
				GCC_WARN_UNDECLARED_SELECTOR = YES;
				GCC_WARN_UNINITIALIZED_AUTOS = YES_AGGRESSIVE;
				GCC_WARN_UNUSED_FUNCTION = YES;
				GCC_WARN_UNUSED_VARIABLE = YES;
				IPHONEOS_DEPLOYMENT_TARGET = 11.4;
				MTL_ENABLE_DEBUG_INFO = NO;
				SDKROOT = iphoneos;
				SWIFT_COMPILATION_MODE = wholemodule;
				SWIFT_OPTIMIZATION_LEVEL = "-O";
				VALIDATE_PRODUCT = YES;
			};
			name = Release;
		};
		134E4FB72118BE9B002761D0 /* Debug */ = {
			isa = XCBuildConfiguration;
			buildSettings = {
				ASSETCATALOG_COMPILER_APPICON_NAME = AppIcon;
				CODE_SIGN_STYLE = Automatic;
				INFOPLIST_FILE = project1/Info.plist;
				LD_RUNPATH_SEARCH_PATHS = (
					"$(inherited)",
					"@executable_path/Frameworks",
				);
				PRODUCT_BUNDLE_IDENTIFIER = connie.project1;
				PRODUCT_NAME = "$(TARGET_NAME)";
				SWIFT_VERSION = 4.0;
				TARGETED_DEVICE_FAMILY = "1,2";
			};
			name = Debug;
		};
		134E4FB82118BE9B002761D0 /* Release */ = {
			isa = XCBuildConfiguration;
			buildSettings = {
				ASSETCATALOG_COMPILER_APPICON_NAME = AppIcon;
				CODE_SIGN_STYLE = Automatic;
				INFOPLIST_FILE = project1/Info.plist;
				LD_RUNPATH_SEARCH_PATHS = (
					"$(inherited)",
					"@executable_path/Frameworks",
				);
				PRODUCT_BUNDLE_IDENTIFIER = connie.project1;
				PRODUCT_NAME = "$(TARGET_NAME)";
				SWIFT_VERSION = 4.0;
				TARGETED_DEVICE_FAMILY = "1,2";
			};
			name = Release;
		};
		134E4FBA2118BE9B002761D0 /* Debug */ = {
			isa = XCBuildConfiguration;
			buildSettings = {
				ALWAYS_EMBED_SWIFT_STANDARD_LIBRARIES = YES;
				BUNDLE_LOADER = "$(TEST_HOST)";
				CODE_SIGN_STYLE = Automatic;
				INFOPLIST_FILE = project1Tests/Info.plist;
				LD_RUNPATH_SEARCH_PATHS = (
					"$(inherited)",
					"@executable_path/Frameworks",
					"@loader_path/Frameworks",
				);
				PRODUCT_BUNDLE_IDENTIFIER = connie.project1Tests;
				PRODUCT_NAME = "$(TARGET_NAME)";
				SWIFT_VERSION = 4.0;
				TARGETED_DEVICE_FAMILY = "1,2";
				TEST_HOST = "$(BUILT_PRODUCTS_DIR)/project1.app/project1";
			};
			name = Debug;
		};
		134E4FBB2118BE9B002761D0 /* Release */ = {
			isa = XCBuildConfiguration;
			buildSettings = {
				ALWAYS_EMBED_SWIFT_STANDARD_LIBRARIES = YES;
				BUNDLE_LOADER = "$(TEST_HOST)";
				CODE_SIGN_STYLE = Automatic;
				INFOPLIST_FILE = project1Tests/Info.plist;
				LD_RUNPATH_SEARCH_PATHS = (
					"$(inherited)",
					"@executable_path/Frameworks",
					"@loader_path/Frameworks",
				);
				PRODUCT_BUNDLE_IDENTIFIER = connie.project1Tests;
				PRODUCT_NAME = "$(TARGET_NAME)";
				SWIFT_VERSION = 4.0;
				TARGETED_DEVICE_FAMILY = "1,2";
				TEST_HOST = "$(BUILT_PRODUCTS_DIR)/project1.app/project1";
			};
			name = Release;
		};
		134E4FBD2118BE9B002761D0 /* Debug */ = {
			isa = XCBuildConfiguration;
			buildSettings = {
				ALWAYS_EMBED_SWIFT_STANDARD_LIBRARIES = YES;
				CODE_SIGN_STYLE = Automatic;
				INFOPLIST_FILE = project1UITests/Info.plist;
				LD_RUNPATH_SEARCH_PATHS = (
					"$(inherited)",
					"@executable_path/Frameworks",
					"@loader_path/Frameworks",
				);
				PRODUCT_BUNDLE_IDENTIFIER = connie.project1UITests;
				PRODUCT_NAME = "$(TARGET_NAME)";
				SWIFT_VERSION = 4.0;
				TARGETED_DEVICE_FAMILY = "1,2";
				TEST_TARGET_NAME = project1;
			};
			name = Debug;
		};
		134E4FBE2118BE9B002761D0 /* Release */ = {
			isa = XCBuildConfiguration;
			buildSettings = {
				ALWAYS_EMBED_SWIFT_STANDARD_LIBRARIES = YES;
				CODE_SIGN_STYLE = Automatic;
				INFOPLIST_FILE = project1UITests/Info.plist;
				LD_RUNPATH_SEARCH_PATHS = (
					"$(inherited)",
					"@executable_path/Frameworks",
					"@loader_path/Frameworks",
				);
				PRODUCT_BUNDLE_IDENTIFIER = connie.project1UITests;
				PRODUCT_NAME = "$(TARGET_NAME)";
				SWIFT_VERSION = 4.0;
				TARGETED_DEVICE_FAMILY = "1,2";
				TEST_TARGET_NAME = project1;
			};
			name = Release;
		};
/* End XCBuildConfiguration section */

/* Begin XCConfigurationList section */
		134E4F892118BE99002761D0 /* Build configuration list for PBXProject "project1" */ = {
			isa = XCConfigurationList;
			buildConfigurations = (
				134E4FB42118BE9B002761D0 /* Debug */,
				134E4FB52118BE9B002761D0 /* Release */,
			);
			defaultConfigurationIsVisible = 0;
			defaultConfigurationName = Release;
		};
		134E4FB62118BE9B002761D0 /* Build configuration list for PBXNativeTarget "project1" */ = {
			isa = XCConfigurationList;
			buildConfigurations = (
				134E4FB72118BE9B002761D0 /* Debug */,
				134E4FB82118BE9B002761D0 /* Release */,
			);
			defaultConfigurationIsVisible = 0;
			defaultConfigurationName = Release;
		};
		134E4FB92118BE9B002761D0 /* Build configuration list for PBXNativeTarget "project1Tests" */ = {
			isa = XCConfigurationList;
			buildConfigurations = (
				134E4FBA2118BE9B002761D0 /* Debug */,
				134E4FBB2118BE9B002761D0 /* Release */,
			);
			defaultConfigurationIsVisible = 0;
			defaultConfigurationName = Release;
		};
		134E4FBC2118BE9B002761D0 /* Build configuration list for PBXNativeTarget "project1UITests" */ = {
			isa = XCConfigurationList;
			buildConfigurations = (
				134E4FBD2118BE9B002761D0 /* Debug */,
				134E4FBE2118BE9B002761D0 /* Release */,
			);
			defaultConfigurationIsVisible = 0;
			defaultConfigurationName = Release;
		};
/* End XCConfigurationList section */
	};
	rootObject = 134E4F862118BE99002761D0 /* Project object */;
}
