// !$*UTF8*$!
{
	archiveVersion = 1;
	classes = {
	};
	objectVersion = 50;
	objects = {

/* Begin PBXBuildFile section */
		133A4E412123606100BFC032 /* AppDelegate.swift in Sources */ = {isa = PBXBuildFile; fileRef = 133A4E402123606100BFC032 /* AppDelegate.swift */; };
		133A4E432123606100BFC032 /* ViewController.swift in Sources */ = {isa = PBXBuildFile; fileRef = 133A4E422123606100BFC032 /* ViewController.swift */; };
		133A4E462123606100BFC032 /* Main.storyboard in Resources */ = {isa = PBXBuildFile; fileRef = 133A4E442123606100BFC032 /* Main.storyboard */; };
		133A4E492123606100BFC032 /* CLIPCure.xcdatamodeld in Sources */ = {isa = PBXBuildFile; fileRef = 133A4E472123606100BFC032 /* CLIPCure.xcdatamodeld */; };
		133A4E4B2123606200BFC032 /* Assets.xcassets in Resources */ = {isa = PBXBuildFile; fileRef = 133A4E4A2123606200BFC032 /* Assets.xcassets */; };
		133A4E4E2123606200BFC032 /* LaunchScreen.storyboard in Resources */ = {isa = PBXBuildFile; fileRef = 133A4E4C2123606200BFC032 /* LaunchScreen.storyboard */; };
		133A4E5621238A4400BFC032 /* Event.swift in Sources */ = {isa = PBXBuildFile; fileRef = 133A4E5521238A4400BFC032 /* Event.swift */; };
/* End PBXBuildFile section */

/* Begin PBXFileReference section */
		133A4E3D2123606100BFC032 /* CLIPCure.app */ = {isa = PBXFileReference; explicitFileType = wrapper.application; includeInIndex = 0; path = CLIPCure.app; sourceTree = BUILT_PRODUCTS_DIR; };
		133A4E402123606100BFC032 /* AppDelegate.swift */ = {isa = PBXFileReference; lastKnownFileType = sourcecode.swift; path = AppDelegate.swift; sourceTree = "<group>"; };
		133A4E422123606100BFC032 /* ViewController.swift */ = {isa = PBXFileReference; lastKnownFileType = sourcecode.swift; path = ViewController.swift; sourceTree = "<group>"; };
		133A4E452123606100BFC032 /* Base */ = {isa = PBXFileReference; lastKnownFileType = file.storyboard; name = Base; path = Base.lproj/Main.storyboard; sourceTree = "<group>"; };
		133A4E482123606100BFC032 /* CLIPCure.xcdatamodel */ = {isa = PBXFileReference; lastKnownFileType = wrapper.xcdatamodel; path = CLIPCure.xcdatamodel; sourceTree = "<group>"; };
		133A4E4A2123606200BFC032 /* Assets.xcassets */ = {isa = PBXFileReference; lastKnownFileType = folder.assetcatalog; path = Assets.xcassets; sourceTree = "<group>"; };
		133A4E4D2123606200BFC032 /* Base */ = {isa = PBXFileReference; lastKnownFileType = file.storyboard; name = Base; path = Base.lproj/LaunchScreen.storyboard; sourceTree = "<group>"; };
		133A4E4F2123606200BFC032 /* Info.plist */ = {isa = PBXFileReference; lastKnownFileType = text.plist.xml; path = Info.plist; sourceTree = "<group>"; };
		133A4E5521238A4400BFC032 /* Event.swift */ = {isa = PBXFileReference; lastKnownFileType = sourcecode.swift; path = Event.swift; sourceTree = "<group>"; };
/* End PBXFileReference section */

/* Begin PBXFrameworksBuildPhase section */
		133A4E3A2123606100BFC032 /* Frameworks */ = {
			isa = PBXFrameworksBuildPhase;
			buildActionMask = 2147483647;
			files = (
			);
			runOnlyForDeploymentPostprocessing = 0;
		};
/* End PBXFrameworksBuildPhase section */

/* Begin PBXGroup section */
		133A4E342123606100BFC032 = {
			isa = PBXGroup;
			children = (
				133A4E3F2123606100BFC032 /* CLIPCure */,
				133A4E3E2123606100BFC032 /* Products */,
			);
			sourceTree = "<group>";
		};
		133A4E3E2123606100BFC032 /* Products */ = {
			isa = PBXGroup;
			children = (
				133A4E3D2123606100BFC032 /* CLIPCure.app */,
			);
			name = Products;
			sourceTree = "<group>";
		};
		133A4E3F2123606100BFC032 /* CLIPCure */ = {
			isa = PBXGroup;
			children = (
				133A4E402123606100BFC032 /* AppDelegate.swift */,
				133A4E422123606100BFC032 /* ViewController.swift */,
				133A4E442123606100BFC032 /* Main.storyboard */,
				133A4E4A2123606200BFC032 /* Assets.xcassets */,
				133A4E4C2123606200BFC032 /* LaunchScreen.storyboard */,
				133A4E4F2123606200BFC032 /* Info.plist */,
				133A4E472123606100BFC032 /* CLIPCure.xcdatamodeld */,
				133A4E5521238A4400BFC032 /* Event.swift */,
			);
			path = CLIPCure;
			sourceTree = "<group>";
		};
/* End PBXGroup section */

/* Begin PBXNativeTarget section */
		133A4E3C2123606100BFC032 /* CLIPCure */ = {
			isa = PBXNativeTarget;
			buildConfigurationList = 133A4E522123606200BFC032 /* Build configuration list for PBXNativeTarget "CLIPCure" */;
			buildPhases = (
				133A4E392123606100BFC032 /* Sources */,
				133A4E3A2123606100BFC032 /* Frameworks */,
				133A4E3B2123606100BFC032 /* Resources */,
			);
			buildRules = (
			);
			dependencies = (
			);
			name = CLIPCure;
			productName = CLIPCure;
			productReference = 133A4E3D2123606100BFC032 /* CLIPCure.app */;
			productType = "com.apple.product-type.application";
		};
/* End PBXNativeTarget section */

/* Begin PBXProject section */
		133A4E352123606100BFC032 /* Project object */ = {
			isa = PBXProject;
			attributes = {
				LastSwiftUpdateCheck = 0940;
				LastUpgradeCheck = 0940;
				ORGANIZATIONNAME = "Connie Lei";
				TargetAttributes = {
					133A4E3C2123606100BFC032 = {
						CreatedOnToolsVersion = 9.4.1;
					};
				};
			};
			buildConfigurationList = 133A4E382123606100BFC032 /* Build configuration list for PBXProject "CLIPCure" */;
			compatibilityVersion = "Xcode 9.3";
			developmentRegion = en;
			hasScannedForEncodings = 0;
			knownRegions = (
				en,
				Base,
			);
			mainGroup = 133A4E342123606100BFC032;
			productRefGroup = 133A4E3E2123606100BFC032 /* Products */;
			projectDirPath = "";
			projectRoot = "";
			targets = (
				133A4E3C2123606100BFC032 /* CLIPCure */,
			);
		};
/* End PBXProject section */

/* Begin PBXResourcesBuildPhase section */
		133A4E3B2123606100BFC032 /* Resources */ = {
			isa = PBXResourcesBuildPhase;
			buildActionMask = 2147483647;
			files = (
				133A4E4E2123606200BFC032 /* LaunchScreen.storyboard in Resources */,
				133A4E4B2123606200BFC032 /* Assets.xcassets in Resources */,
				133A4E462123606100BFC032 /* Main.storyboard in Resources */,
			);
			runOnlyForDeploymentPostprocessing = 0;
		};
/* End PBXResourcesBuildPhase section */

/* Begin PBXSourcesBuildPhase section */
		133A4E392123606100BFC032 /* Sources */ = {
			isa = PBXSourcesBuildPhase;
			buildActionMask = 2147483647;
			files = (
				133A4E5621238A4400BFC032 /* Event.swift in Sources */,
				133A4E492123606100BFC032 /* CLIPCure.xcdatamodeld in Sources */,
				133A4E432123606100BFC032 /* ViewController.swift in Sources */,
				133A4E412123606100BFC032 /* AppDelegate.swift in Sources */,
			);
			runOnlyForDeploymentPostprocessing = 0;
		};
/* End PBXSourcesBuildPhase section */

/* Begin PBXVariantGroup section */
		133A4E442123606100BFC032 /* Main.storyboard */ = {
			isa = PBXVariantGroup;
			children = (
				133A4E452123606100BFC032 /* Base */,
			);
			name = Main.storyboard;
			sourceTree = "<group>";
		};
		133A4E4C2123606200BFC032 /* LaunchScreen.storyboard */ = {
			isa = PBXVariantGroup;
			children = (
				133A4E4D2123606200BFC032 /* Base */,
			);
			name = LaunchScreen.storyboard;
			sourceTree = "<group>";
		};
/* End PBXVariantGroup section */

/* Begin XCBuildConfiguration section */
		133A4E502123606200BFC032 /* Debug */ = {
			isa = XCBuildConfiguration;
			buildSettings = {
				ALWAYS_SEARCH_USER_PATHS = NO;
				CLANG_ANALYZER_NONNULL = YES;
				CLANG_ANALYZER_NUMBER_OBJECT_CONVERSION = YES_AGGRESSIVE;
				CLANG_CXX_LANGUAGE_STANDARD = "gnu++14";
				CLANG_CXX_LIBRARY = "libc++";
				CLANG_ENABLE_MODULES = YES;
				CLANG_ENABLE_OBJC_ARC = YES;
				CLANG_ENABLE_OBJC_WEAK = YES;
				CLANG_WARN_BLOCK_CAPTURE_AUTORELEASING = YES;
				CLANG_WARN_BOOL_CONVERSION = YES;
				CLANG_WARN_COMMA = YES;
				CLANG_WARN_CONSTANT_CONVERSION = YES;
				CLANG_WARN_DEPRECATED_OBJC_IMPLEMENTATIONS = YES;
				CLANG_WARN_DIRECT_OBJC_ISA_USAGE = YES_ERROR;
				CLANG_WARN_DOCUMENTATION_COMMENTS = YES;
				CLANG_WARN_EMPTY_BODY = YES;
				CLANG_WARN_ENUM_CONVERSION = YES;
				CLANG_WARN_INFINITE_RECURSION = YES;
				CLANG_WARN_INT_CONVERSION = YES;
				CLANG_WARN_NON_LITERAL_NULL_CONVERSION = YES;
				CLANG_WARN_OBJC_IMPLICIT_RETAIN_SELF = YES;
				CLANG_WARN_OBJC_LITERAL_CONVERSION = YES;
				CLANG_WARN_OBJC_ROOT_CLASS = YES_ERROR;
				CLANG_WARN_RANGE_LOOP_ANALYSIS = YES;
				CLANG_WARN_STRICT_PROTOTYPES = YES;
				CLANG_WARN_SUSPICIOUS_MOVE = YES;
				CLANG_WARN_UNGUARDED_AVAILABILITY = YES_AGGRESSIVE;
				CLANG_WARN_UNREACHABLE_CODE = YES;
				CLANG_WARN__DUPLICATE_METHOD_MATCH = YES;
				CODE_SIGN_IDENTITY = "iPhone Developer";
				COPY_PHASE_STRIP = NO;
				DEBUG_INFORMATION_FORMAT = dwarf;
				ENABLE_STRICT_OBJC_MSGSEND = YES;
				ENABLE_TESTABILITY = YES;
				GCC_C_LANGUAGE_STANDARD = gnu11;
				GCC_DYNAMIC_NO_PIC = NO;
				GCC_NO_COMMON_BLOCKS = YES;
				GCC_OPTIMIZATION_LEVEL = 0;
				GCC_PREPROCESSOR_DEFINITIONS = (
					"DEBUG=1",
					"$(inherited)",
				);
				GCC_WARN_64_TO_32_BIT_CONVERSION = YES;
				GCC_WARN_ABOUT_RETURN_TYPE = YES_ERROR;
				GCC_WARN_UNDECLARED_SELECTOR = YES;
				GCC_WARN_UNINITIALIZED_AUTOS = YES_AGGRESSIVE;
				GCC_WARN_UNUSED_FUNCTION = YES;
				GCC_WARN_UNUSED_VARIABLE = YES;
				IPHONEOS_DEPLOYMENT_TARGET = 11.4;
				MTL_ENABLE_DEBUG_INFO = YES;
				ONLY_ACTIVE_ARCH = YES;
				SDKROOT = iphoneos;
				SWIFT_ACTIVE_COMPILATION_CONDITIONS = DEBUG;
				SWIFT_OPTIMIZATION_LEVEL = "-Onone";
			};
			name = Debug;
		};
		133A4E512123606200BFC032 /* Release */ = {
			isa = XCBuildConfiguration;
			buildSettings = {
				ALWAYS_SEARCH_USER_PATHS = NO;
				CLANG_ANALYZER_NONNULL = YES;
				CLANG_ANALYZER_NUMBER_OBJECT_CONVERSION = YES_AGGRESSIVE;
				CLANG_CXX_LANGUAGE_STANDARD = "gnu++14";
				CLANG_CXX_LIBRARY = "libc++";
				CLANG_ENABLE_MODULES = YES;
				CLANG_ENABLE_OBJC_ARC = YES;
				CLANG_ENABLE_OBJC_WEAK = YES;
				CLANG_WARN_BLOCK_CAPTURE_AUTORELEASING = YES;
				CLANG_WARN_BOOL_CONVERSION = YES;
				CLANG_WARN_COMMA = YES;
				CLANG_WARN_CONSTANT_CONVERSION = YES;
				CLANG_WARN_DEPRECATED_OBJC_IMPLEMENTATIONS = YES;
				CLANG_WARN_DIRECT_OBJC_ISA_USAGE = YES_ERROR;
				CLANG_WARN_DOCUMENTATION_COMMENTS = YES;
				CLANG_WARN_EMPTY_BODY = YES;
				CLANG_WARN_ENUM_CONVERSION = YES;
				CLANG_WARN_INFINITE_RECURSION = YES;
				CLANG_WARN_INT_CONVERSION = YES;
				CLANG_WARN_NON_LITERAL_NULL_CONVERSION = YES;
				CLANG_WARN_OBJC_IMPLICIT_RETAIN_SELF = YES;
				CLANG_WARN_OBJC_LITERAL_CONVERSION = YES;
				CLANG_WARN_OBJC_ROOT_CLASS = YES_ERROR;
				CLANG_WARN_RANGE_LOOP_ANALYSIS = YES;
				CLANG_WARN_STRICT_PROTOTYPES = YES;
				CLANG_WARN_SUSPICIOUS_MOVE = YES;
				CLANG_WARN_UNGUARDED_AVAILABILITY = YES_AGGRESSIVE;
				CLANG_WARN_UNREACHABLE_CODE = YES;
				CLANG_WARN__DUPLICATE_METHOD_MATCH = YES;
				CODE_SIGN_IDENTITY = "iPhone Developer";
				COPY_PHASE_STRIP = NO;
				DEBUG_INFORMATION_FORMAT = "dwarf-with-dsym";
				ENABLE_NS_ASSERTIONS = NO;
				ENABLE_STRICT_OBJC_MSGSEND = YES;
				GCC_C_LANGUAGE_STANDARD = gnu11;
				GCC_NO_COMMON_BLOCKS = YES;
				GCC_WARN_64_TO_32_BIT_CONVERSION = YES;
				GCC_WARN_ABOUT_RETURN_TYPE = YES_ERROR;
				GCC_WARN_UNDECLARED_SELECTOR = YES;
				GCC_WARN_UNINITIALIZED_AUTOS = YES_AGGRESSIVE;
				GCC_WARN_UNUSED_FUNCTION = YES;
				GCC_WARN_UNUSED_VARIABLE = YES;
				IPHONEOS_DEPLOYMENT_TARGET = 11.4;
				MTL_ENABLE_DEBUG_INFO = NO;
				SDKROOT = iphoneos;
				SWIFT_COMPILATION_MODE = wholemodule;
				SWIFT_OPTIMIZATION_LEVEL = "-O";
				VALIDATE_PRODUCT = YES;
			};
			name = Release;
		};
		133A4E532123606200BFC032 /* Debug */ = {
			isa = XCBuildConfiguration;
			buildSettings = {
				ASSETCATALOG_COMPILER_APPICON_NAME = AppIcon;
				CODE_SIGN_STYLE = Automatic;
				DEVELOPMENT_TEAM = UXU2UCTPA4;
				INFOPLIST_FILE = CLIPCure/Info.plist;
				LD_RUNPATH_SEARCH_PATHS = (
					"$(inherited)",
					"@executable_path/Frameworks",
				);
				PRODUCT_BUNDLE_IDENTIFIER = com.Connie.CLIPCure;
				PRODUCT_NAME = "$(TARGET_NAME)";
				SWIFT_VERSION = 4.0;
				TARGETED_DEVICE_FAMILY = "1,2";
			};
			name = Debug;
		};
		133A4E542123606200BFC032 /* Release */ = {
			isa = XCBuildConfiguration;
			buildSettings = {
				ASSETCATALOG_COMPILER_APPICON_NAME = AppIcon;
				CODE_SIGN_STYLE = Automatic;
				DEVELOPMENT_TEAM = UXU2UCTPA4;
				INFOPLIST_FILE = CLIPCure/Info.plist;
				LD_RUNPATH_SEARCH_PATHS = (
					"$(inherited)",
					"@executable_path/Frameworks",
				);
				PRODUCT_BUNDLE_IDENTIFIER = com.Connie.CLIPCure;
				PRODUCT_NAME = "$(TARGET_NAME)";
				SWIFT_VERSION = 4.0;
				TARGETED_DEVICE_FAMILY = "1,2";
			};
			name = Release;
		};
/* End XCBuildConfiguration section */

/* Begin XCConfigurationList section */
		133A4E382123606100BFC032 /* Build configuration list for PBXProject "CLIPCure" */ = {
			isa = XCConfigurationList;
			buildConfigurations = (
				133A4E502123606200BFC032 /* Debug */,
				133A4E512123606200BFC032 /* Release */,
			);
			defaultConfigurationIsVisible = 0;
			defaultConfigurationName = Release;
		};
		133A4E522123606200BFC032 /* Build configuration list for PBXNativeTarget "CLIPCure" */ = {
			isa = XCConfigurationList;
			buildConfigurations = (
				133A4E532123606200BFC032 /* Debug */,
				133A4E542123606200BFC032 /* Release */,
			);
			defaultConfigurationIsVisible = 0;
			defaultConfigurationName = Release;
		};
/* End XCConfigurationList section */

/* Begin XCVersionGroup section */
		133A4E472123606100BFC032 /* CLIPCure.xcdatamodeld */ = {
			isa = XCVersionGroup;
			children = (
				133A4E482123606100BFC032 /* CLIPCure.xcdatamodel */,
			);
			currentVersion = 133A4E482123606100BFC032 /* CLIPCure.xcdatamodel */;
			path = CLIPCure.xcdatamodeld;
			sourceTree = "<group>";
			versionGroupType = wrapper.xcdatamodel;
		};
/* End XCVersionGroup section */
	};
	rootObject = 133A4E352123606100BFC032 /* Project object */;
}
