// !$*UTF8*$!
{
	archiveVersion = 1;
	classes = {
	};
	objectVersion = 50;
	objects = {

/* Begin PBXBuildFile section */
		13E45E73211CBB0C00259478 /* AppDelegate.swift in Sources */ = {isa = PBXBuildFile; fileRef = 13E45E72211CBB0C00259478 /* AppDelegate.swift */; };
		13E45E75211CBB0C00259478 /* ViewController.swift in Sources */ = {isa = PBXBuildFile; fileRef = 13E45E74211CBB0C00259478 /* ViewController.swift */; };
		13E45E78211CBB0C00259478 /* Main.storyboard in Resources */ = {isa = PBXBuildFile; fileRef = 13E45E76211CBB0C00259478 /* Main.storyboard */; };
		13E45E7A211CBB0D00259478 /* Assets.xcassets in Resources */ = {isa = PBXBuildFile; fileRef = 13E45E79211CBB0D00259478 /* Assets.xcassets */; };
		13E45E7D211CBB0D00259478 /* LaunchScreen.storyboard in Resources */ = {isa = PBXBuildFile; fileRef = 13E45E7B211CBB0D00259478 /* LaunchScreen.storyboard */; };
		13E45E88211CBB0D00259478 /* helloworldTests.swift in Sources */ = {isa = PBXBuildFile; fileRef = 13E45E87211CBB0D00259478 /* helloworldTests.swift */; };
		13E45E93211CBB0D00259478 /* helloworldUITests.swift in Sources */ = {isa = PBXBuildFile; fileRef = 13E45E92211CBB0D00259478 /* helloworldUITests.swift */; };
/* End PBXBuildFile section */

/* Begin PBXContainerItemProxy section */
		13E45E84211CBB0D00259478 /* PBXContainerItemProxy */ = {
			isa = PBXContainerItemProxy;
			containerPortal = 13E45E67211CBB0C00259478 /* Project object */;
			proxyType = 1;
			remoteGlobalIDString = 13E45E6E211CBB0C00259478;
			remoteInfo = helloworld;
		};
		13E45E8F211CBB0D00259478 /* PBXContainerItemProxy */ = {
			isa = PBXContainerItemProxy;
			containerPortal = 13E45E67211CBB0C00259478 /* Project object */;
			proxyType = 1;
			remoteGlobalIDString = 13E45E6E211CBB0C00259478;
			remoteInfo = helloworld;
		};
/* End PBXContainerItemProxy section */

/* Begin PBXFileReference section */
		13E45E6F211CBB0C00259478 /* helloworld.app */ = {isa = PBXFileReference; explicitFileType = wrapper.application; includeInIndex = 0; path = helloworld.app; sourceTree = BUILT_PRODUCTS_DIR; };
		13E45E72211CBB0C00259478 /* AppDelegate.swift */ = {isa = PBXFileReference; lastKnownFileType = sourcecode.swift; path = AppDelegate.swift; sourceTree = "<group>"; };
		13E45E74211CBB0C00259478 /* ViewController.swift */ = {isa = PBXFileReference; lastKnownFileType = sourcecode.swift; path = ViewController.swift; sourceTree = "<group>"; };
		13E45E77211CBB0C00259478 /* Base */ = {isa = PBXFileReference; lastKnownFileType = file.storyboard; name = Base; path = Base.lproj/Main.storyboard; sourceTree = "<group>"; };
		13E45E79211CBB0D00259478 /* Assets.xcassets */ = {isa = PBXFileReference; lastKnownFileType = folder.assetcatalog; path = Assets.xcassets; sourceTree = "<group>"; };
		13E45E7C211CBB0D00259478 /* Base */ = {isa = PBXFileReference; lastKnownFileType = file.storyboard; name = Base; path = Base.lproj/LaunchScreen.storyboard; sourceTree = "<group>"; };
		13E45E7E211CBB0D00259478 /* Info.plist */ = {isa = PBXFileReference; lastKnownFileType = text.plist.xml; path = Info.plist; sourceTree = "<group>"; };
		13E45E83211CBB0D00259478 /* helloworldTests.xctest */ = {isa = PBXFileReference; explicitFileType = wrapper.cfbundle; includeInIndex = 0; path = helloworldTests.xctest; sourceTree = BUILT_PRODUCTS_DIR; };
		13E45E87211CBB0D00259478 /* helloworldTests.swift */ = {isa = PBXFileReference; lastKnownFileType = sourcecode.swift; path = helloworldTests.swift; sourceTree = "<group>"; };
		13E45E89211CBB0D00259478 /* Info.plist */ = {isa = PBXFileReference; lastKnownFileType = text.plist.xml; path = Info.plist; sourceTree = "<group>"; };
		13E45E8E211CBB0D00259478 /* helloworldUITests.xctest */ = {isa = PBXFileReference; explicitFileType = wrapper.cfbundle; includeInIndex = 0; path = helloworldUITests.xctest; sourceTree = BUILT_PRODUCTS_DIR; };
		13E45E92211CBB0D00259478 /* helloworldUITests.swift */ = {isa = PBXFileReference; lastKnownFileType = sourcecode.swift; path = helloworldUITests.swift; sourceTree = "<group>"; };
		13E45E94211CBB0D00259478 /* Info.plist */ = {isa = PBXFileReference; lastKnownFileType = text.plist.xml; path = Info.plist; sourceTree = "<group>"; };
/* End PBXFileReference section */

/* Begin PBXFrameworksBuildPhase section */
		13E45E6C211CBB0C00259478 /* Frameworks */ = {
			isa = PBXFrameworksBuildPhase;
			buildActionMask = 2147483647;
			files = (
			);
			runOnlyForDeploymentPostprocessing = 0;
		};
		13E45E80211CBB0D00259478 /* Frameworks */ = {
			isa = PBXFrameworksBuildPhase;
			buildActionMask = 2147483647;
			files = (
			);
			runOnlyForDeploymentPostprocessing = 0;
		};
		13E45E8B211CBB0D00259478 /* Frameworks */ = {
			isa = PBXFrameworksBuildPhase;
			buildActionMask = 2147483647;
			files = (
			);
			runOnlyForDeploymentPostprocessing = 0;
		};
/* End PBXFrameworksBuildPhase section */

/* Begin PBXGroup section */
		13E45E66211CBB0C00259478 = {
			isa = PBXGroup;
			children = (
				13E45E71211CBB0C00259478 /* helloworld */,
				13E45E86211CBB0D00259478 /* helloworldTests */,
				13E45E91211CBB0D00259478 /* helloworldUITests */,
				13E45E70211CBB0C00259478 /* Products */,
			);
			sourceTree = "<group>";
		};
		13E45E70211CBB0C00259478 /* Products */ = {
			isa = PBXGroup;
			children = (
				13E45E6F211CBB0C00259478 /* helloworld.app */,
				13E45E83211CBB0D00259478 /* helloworldTests.xctest */,
				13E45E8E211CBB0D00259478 /* helloworldUITests.xctest */,
			);
			name = Products;
			sourceTree = "<group>";
		};
		13E45E71211CBB0C00259478 /* helloworld */ = {
			isa = PBXGroup;
			children = (
				13E45E72211CBB0C00259478 /* AppDelegate.swift */,
				13E45E74211CBB0C00259478 /* ViewController.swift */,
				13E45E76211CBB0C00259478 /* Main.storyboard */,
				13E45E79211CBB0D00259478 /* Assets.xcassets */,
				13E45E7B211CBB0D00259478 /* LaunchScreen.storyboard */,
				13E45E7E211CBB0D00259478 /* Info.plist */,
			);
			path = helloworld;
			sourceTree = "<group>";
		};
		13E45E86211CBB0D00259478 /* helloworldTests */ = {
			isa = PBXGroup;
			children = (
				13E45E87211CBB0D00259478 /* helloworldTests.swift */,
				13E45E89211CBB0D00259478 /* Info.plist */,
			);
			path = helloworldTests;
			sourceTree = "<group>";
		};
		13E45E91211CBB0D00259478 /* helloworldUITests */ = {
			isa = PBXGroup;
			children = (
				13E45E92211CBB0D00259478 /* helloworldUITests.swift */,
				13E45E94211CBB0D00259478 /* Info.plist */,
			);
			path = helloworldUITests;
			sourceTree = "<group>";
		};
/* End PBXGroup section */

/* Begin PBXNativeTarget section */
		13E45E6E211CBB0C00259478 /* helloworld */ = {
			isa = PBXNativeTarget;
			buildConfigurationList = 13E45E97211CBB0D00259478 /* Build configuration list for PBXNativeTarget "helloworld" */;
			buildPhases = (
				13E45E6B211CBB0C00259478 /* Sources */,
				13E45E6C211CBB0C00259478 /* Frameworks */,
				13E45E6D211CBB0C00259478 /* Resources */,
			);
			buildRules = (
			);
			dependencies = (
			);
			name = helloworld;
			productName = helloworld;
			productReference = 13E45E6F211CBB0C00259478 /* helloworld.app */;
			productType = "com.apple.product-type.application";
		};
		13E45E82211CBB0D00259478 /* helloworldTests */ = {
			isa = PBXNativeTarget;
			buildConfigurationList = 13E45E9A211CBB0D00259478 /* Build configuration list for PBXNativeTarget "helloworldTests" */;
			buildPhases = (
				13E45E7F211CBB0D00259478 /* Sources */,
				13E45E80211CBB0D00259478 /* Frameworks */,
				13E45E81211CBB0D00259478 /* Resources */,
			);
			buildRules = (
			);
			dependencies = (
				13E45E85211CBB0D00259478 /* PBXTargetDependency */,
			);
			name = helloworldTests;
			productName = helloworldTests;
			productReference = 13E45E83211CBB0D00259478 /* helloworldTests.xctest */;
			productType = "com.apple.product-type.bundle.unit-test";
		};
		13E45E8D211CBB0D00259478 /* helloworldUITests */ = {
			isa = PBXNativeTarget;
			buildConfigurationList = 13E45E9D211CBB0D00259478 /* Build configuration list for PBXNativeTarget "helloworldUITests" */;
			buildPhases = (
				13E45E8A211CBB0D00259478 /* Sources */,
				13E45E8B211CBB0D00259478 /* Frameworks */,
				13E45E8C211CBB0D00259478 /* Resources */,
			);
			buildRules = (
			);
			dependencies = (
				13E45E90211CBB0D00259478 /* PBXTargetDependency */,
			);
			name = helloworldUITests;
			productName = helloworldUITests;
			productReference = 13E45E8E211CBB0D00259478 /* helloworldUITests.xctest */;
			productType = "com.apple.product-type.bundle.ui-testing";
		};
/* End PBXNativeTarget section */

/* Begin PBXProject section */
		13E45E67211CBB0C00259478 /* Project object */ = {
			isa = PBXProject;
			attributes = {
				LastSwiftUpdateCheck = 0940;
				LastUpgradeCheck = 0940;
				ORGANIZATIONNAME = "Connie Lei";
				TargetAttributes = {
					13E45E6E211CBB0C00259478 = {
						CreatedOnToolsVersion = 9.4.1;
					};
					13E45E82211CBB0D00259478 = {
						CreatedOnToolsVersion = 9.4.1;
						TestTargetID = 13E45E6E211CBB0C00259478;
					};
					13E45E8D211CBB0D00259478 = {
						CreatedOnToolsVersion = 9.4.1;
						TestTargetID = 13E45E6E211CBB0C00259478;
					};
				};
			};
			buildConfigurationList = 13E45E6A211CBB0C00259478 /* Build configuration list for PBXProject "helloworld" */;
			compatibilityVersion = "Xcode 9.3";
			developmentRegion = en;
			hasScannedForEncodings = 0;
			knownRegions = (
				en,
				Base,
			);
			mainGroup = 13E45E66211CBB0C00259478;
			productRefGroup = 13E45E70211CBB0C00259478 /* Products */;
			projectDirPath = "";
			projectRoot = "";
			targets = (
				13E45E6E211CBB0C00259478 /* helloworld */,
				13E45E82211CBB0D00259478 /* helloworldTests */,
				13E45E8D211CBB0D00259478 /* helloworldUITests */,
			);
		};
/* End PBXProject section */

/* Begin PBXResourcesBuildPhase section */
		13E45E6D211CBB0C00259478 /* Resources */ = {
			isa = PBXResourcesBuildPhase;
			buildActionMask = 2147483647;
			files = (
				13E45E7D211CBB0D00259478 /* LaunchScreen.storyboard in Resources */,
				13E45E7A211CBB0D00259478 /* Assets.xcassets in Resources */,
				13E45E78211CBB0C00259478 /* Main.storyboard in Resources */,
			);
			runOnlyForDeploymentPostprocessing = 0;
		};
		13E45E81211CBB0D00259478 /* Resources */ = {
			isa = PBXResourcesBuildPhase;
			buildActionMask = 2147483647;
			files = (
			);
			runOnlyForDeploymentPostprocessing = 0;
		};
		13E45E8C211CBB0D00259478 /* Resources */ = {
			isa = PBXResourcesBuildPhase;
			buildActionMask = 2147483647;
			files = (
			);
			runOnlyForDeploymentPostprocessing = 0;
		};
/* End PBXResourcesBuildPhase section */

/* Begin PBXSourcesBuildPhase section */
		13E45E6B211CBB0C00259478 /* Sources */ = {
			isa = PBXSourcesBuildPhase;
			buildActionMask = 2147483647;
			files = (
				13E45E75211CBB0C00259478 /* ViewController.swift in Sources */,
				13E45E73211CBB0C00259478 /* AppDelegate.swift in Sources */,
			);
			runOnlyForDeploymentPostprocessing = 0;
		};
		13E45E7F211CBB0D00259478 /* Sources */ = {
			isa = PBXSourcesBuildPhase;
			buildActionMask = 2147483647;
			files = (
				13E45E88211CBB0D00259478 /* helloworldTests.swift in Sources */,
			);
			runOnlyForDeploymentPostprocessing = 0;
		};
		13E45E8A211CBB0D00259478 /* Sources */ = {
			isa = PBXSourcesBuildPhase;
			buildActionMask = 2147483647;
			files = (
				13E45E93211CBB0D00259478 /* helloworldUITests.swift in Sources */,
			);
			runOnlyForDeploymentPostprocessing = 0;
		};
/* End PBXSourcesBuildPhase section */

/* Begin PBXTargetDependency section */
		13E45E85211CBB0D00259478 /* PBXTargetDependency */ = {
			isa = PBXTargetDependency;
			target = 13E45E6E211CBB0C00259478 /* helloworld */;
			targetProxy = 13E45E84211CBB0D00259478 /* PBXContainerItemProxy */;
		};
		13E45E90211CBB0D00259478 /* PBXTargetDependency */ = {
			isa = PBXTargetDependency;
			target = 13E45E6E211CBB0C00259478 /* helloworld */;
			targetProxy = 13E45E8F211CBB0D00259478 /* PBXContainerItemProxy */;
		};
/* End PBXTargetDependency section */

/* Begin PBXVariantGroup section */
		13E45E76211CBB0C00259478 /* Main.storyboard */ = {
			isa = PBXVariantGroup;
			children = (
				13E45E77211CBB0C00259478 /* Base */,
			);
			name = Main.storyboard;
			sourceTree = "<group>";
		};
		13E45E7B211CBB0D00259478 /* LaunchScreen.storyboard */ = {
			isa = PBXVariantGroup;
			children = (
				13E45E7C211CBB0D00259478 /* Base */,
			);
			name = LaunchScreen.storyboard;
			sourceTree = "<group>";
		};
/* End PBXVariantGroup section */

/* Begin XCBuildConfiguration section */
		13E45E95211CBB0D00259478 /* Debug */ = {
			isa = XCBuildConfiguration;
			buildSettings = {
				ALWAYS_SEARCH_USER_PATHS = NO;
				CLANG_ANALYZER_NONNULL = YES;
				CLANG_ANALYZER_NUMBER_OBJECT_CONVERSION = YES_AGGRESSIVE;
				CLANG_CXX_LANGUAGE_STANDARD = "gnu++14";
				CLANG_CXX_LIBRARY = "libc++";
				CLANG_ENABLE_MODULES = YES;
				CLANG_ENABLE_OBJC_ARC = YES;
				CLANG_ENABLE_OBJC_WEAK = YES;
				CLANG_WARN_BLOCK_CAPTURE_AUTORELEASING = YES;
				CLANG_WARN_BOOL_CONVERSION = YES;
				CLANG_WARN_COMMA = YES;
				CLANG_WARN_CONSTANT_CONVERSION = YES;
				CLANG_WARN_DEPRECATED_OBJC_IMPLEMENTATIONS = YES;
				CLANG_WARN_DIRECT_OBJC_ISA_USAGE = YES_ERROR;
				CLANG_WARN_DOCUMENTATION_COMMENTS = YES;
				CLANG_WARN_EMPTY_BODY = YES;
				CLANG_WARN_ENUM_CONVERSION = YES;
				CLANG_WARN_INFINITE_RECURSION = YES;
				CLANG_WARN_INT_CONVERSION = YES;
				CLANG_WARN_NON_LITERAL_NULL_CONVERSION = YES;
				CLANG_WARN_OBJC_IMPLICIT_RETAIN_SELF = YES;
				CLANG_WARN_OBJC_LITERAL_CONVERSION = YES;
				CLANG_WARN_OBJC_ROOT_CLASS = YES_ERROR;
				CLANG_WARN_RANGE_LOOP_ANALYSIS = YES;
				CLANG_WARN_STRICT_PROTOTYPES = YES;
				CLANG_WARN_SUSPICIOUS_MOVE = YES;
				CLANG_WARN_UNGUARDED_AVAILABILITY = YES_AGGRESSIVE;
				CLANG_WARN_UNREACHABLE_CODE = YES;
				CLANG_WARN__DUPLICATE_METHOD_MATCH = YES;
				CODE_SIGN_IDENTITY = "iPhone Developer";
				COPY_PHASE_STRIP = NO;
				DEBUG_INFORMATION_FORMAT = dwarf;
				ENABLE_STRICT_OBJC_MSGSEND = YES;
				ENABLE_TESTABILITY = YES;
				GCC_C_LANGUAGE_STANDARD = gnu11;
				GCC_DYNAMIC_NO_PIC = NO;
				GCC_NO_COMMON_BLOCKS = YES;
				GCC_OPTIMIZATION_LEVEL = 0;
				GCC_PREPROCESSOR_DEFINITIONS = (
					"DEBUG=1",
					"$(inherited)",
				);
				GCC_WARN_64_TO_32_BIT_CONVERSION = YES;
				GCC_WARN_ABOUT_RETURN_TYPE = YES_ERROR;
				GCC_WARN_UNDECLARED_SELECTOR = YES;
				GCC_WARN_UNINITIALIZED_AUTOS = YES_AGGRESSIVE;
				GCC_WARN_UNUSED_FUNCTION = YES;
				GCC_WARN_UNUSED_VARIABLE = YES;
				IPHONEOS_DEPLOYMENT_TARGET = 11.4;
				MTL_ENABLE_DEBUG_INFO = YES;
				ONLY_ACTIVE_ARCH = YES;
				SDKROOT = iphoneos;
				SWIFT_ACTIVE_COMPILATION_CONDITIONS = DEBUG;
				SWIFT_OPTIMIZATION_LEVEL = "-Onone";
			};
			name = Debug;
		};
		13E45E96211CBB0D00259478 /* Release */ = {
			isa = XCBuildConfiguration;
			buildSettings = {
				ALWAYS_SEARCH_USER_PATHS = NO;
				CLANG_ANALYZER_NONNULL = YES;
				CLANG_ANALYZER_NUMBER_OBJECT_CONVERSION = YES_AGGRESSIVE;
				CLANG_CXX_LANGUAGE_STANDARD = "gnu++14";
				CLANG_CXX_LIBRARY = "libc++";
				CLANG_ENABLE_MODULES = YES;
				CLANG_ENABLE_OBJC_ARC = YES;
				CLANG_ENABLE_OBJC_WEAK = YES;
				CLANG_WARN_BLOCK_CAPTURE_AUTORELEASING = YES;
				CLANG_WARN_BOOL_CONVERSION = YES;
				CLANG_WARN_COMMA = YES;
				CLANG_WARN_CONSTANT_CONVERSION = YES;
				CLANG_WARN_DEPRECATED_OBJC_IMPLEMENTATIONS = YES;
				CLANG_WARN_DIRECT_OBJC_ISA_USAGE = YES_ERROR;
				CLANG_WARN_DOCUMENTATION_COMMENTS = YES;
				CLANG_WARN_EMPTY_BODY = YES;
				CLANG_WARN_ENUM_CONVERSION = YES;
				CLANG_WARN_INFINITE_RECURSION = YES;
				CLANG_WARN_INT_CONVERSION = YES;
				CLANG_WARN_NON_LITERAL_NULL_CONVERSION = YES;
				CLANG_WARN_OBJC_IMPLICIT_RETAIN_SELF = YES;
				CLANG_WARN_OBJC_LITERAL_CONVERSION = YES;
				CLANG_WARN_OBJC_ROOT_CLASS = YES_ERROR;
				CLANG_WARN_RANGE_LOOP_ANALYSIS = YES;
				CLANG_WARN_STRICT_PROTOTYPES = YES;
				CLANG_WARN_SUSPICIOUS_MOVE = YES;
				CLANG_WARN_UNGUARDED_AVAILABILITY = YES_AGGRESSIVE;
				CLANG_WARN_UNREACHABLE_CODE = YES;
				CLANG_WARN__DUPLICATE_METHOD_MATCH = YES;
				CODE_SIGN_IDENTITY = "iPhone Developer";
				COPY_PHASE_STRIP = NO;
				DEBUG_INFORMATION_FORMAT = "dwarf-with-dsym";
				ENABLE_NS_ASSERTIONS = NO;
				ENABLE_STRICT_OBJC_MSGSEND = YES;
				GCC_C_LANGUAGE_STANDARD = gnu11;
				GCC_NO_COMMON_BLOCKS = YES;
				GCC_WARN_64_TO_32_BIT_CONVERSION = YES;
				GCC_WARN_ABOUT_RETURN_TYPE = YES_ERROR;
				GCC_WARN_UNDECLARED_SELECTOR = YES;
				GCC_WARN_UNINITIALIZED_AUTOS = YES_AGGRESSIVE;
				GCC_WARN_UNUSED_FUNCTION = YES;
				GCC_WARN_UNUSED_VARIABLE = YES;
				IPHONEOS_DEPLOYMENT_TARGET = 11.4;
				MTL_ENABLE_DEBUG_INFO = NO;
				SDKROOT = iphoneos;
				SWIFT_COMPILATION_MODE = wholemodule;
				SWIFT_OPTIMIZATION_LEVEL = "-O";
				VALIDATE_PRODUCT = YES;
			};
			name = Release;
		};
		13E45E98211CBB0D00259478 /* Debug */ = {
			isa = XCBuildConfiguration;
			buildSettings = {
				ASSETCATALOG_COMPILER_APPICON_NAME = AppIcon;
				CODE_SIGN_STYLE = Automatic;
				INFOPLIST_FILE = helloworld/Info.plist;
				LD_RUNPATH_SEARCH_PATHS = (
					"$(inherited)",
					"@executable_path/Frameworks",
				);
				PRODUCT_BUNDLE_IDENTIFIER = connie.helloworld;
				PRODUCT_NAME = "$(TARGET_NAME)";
				SWIFT_VERSION = 4.0;
				TARGETED_DEVICE_FAMILY = "1,2";
			};
			name = Debug;
		};
		13E45E99211CBB0D00259478 /* Release */ = {
			isa = XCBuildConfiguration;
			buildSettings = {
				ASSETCATALOG_COMPILER_APPICON_NAME = AppIcon;
				CODE_SIGN_STYLE = Automatic;
				INFOPLIST_FILE = helloworld/Info.plist;
				LD_RUNPATH_SEARCH_PATHS = (
					"$(inherited)",
					"@executable_path/Frameworks",
				);
				PRODUCT_BUNDLE_IDENTIFIER = connie.helloworld;
				PRODUCT_NAME = "$(TARGET_NAME)";
				SWIFT_VERSION = 4.0;
				TARGETED_DEVICE_FAMILY = "1,2";
			};
			name = Release;
		};
		13E45E9B211CBB0D00259478 /* Debug */ = {
			isa = XCBuildConfiguration;
			buildSettings = {
				ALWAYS_EMBED_SWIFT_STANDARD_LIBRARIES = YES;
				BUNDLE_LOADER = "$(TEST_HOST)";
				CODE_SIGN_STYLE = Automatic;
				INFOPLIST_FILE = helloworldTests/Info.plist;
				LD_RUNPATH_SEARCH_PATHS = (
					"$(inherited)",
					"@executable_path/Frameworks",
					"@loader_path/Frameworks",
				);
				PRODUCT_BUNDLE_IDENTIFIER = connie.helloworldTests;
				PRODUCT_NAME = "$(TARGET_NAME)";
				SWIFT_VERSION = 4.0;
				TARGETED_DEVICE_FAMILY = "1,2";
				TEST_HOST = "$(BUILT_PRODUCTS_DIR)/helloworld.app/helloworld";
			};
			name = Debug;
		};
		13E45E9C211CBB0D00259478 /* Release */ = {
			isa = XCBuildConfiguration;
			buildSettings = {
				ALWAYS_EMBED_SWIFT_STANDARD_LIBRARIES = YES;
				BUNDLE_LOADER = "$(TEST_HOST)";
				CODE_SIGN_STYLE = Automatic;
				INFOPLIST_FILE = helloworldTests/Info.plist;
				LD_RUNPATH_SEARCH_PATHS = (
					"$(inherited)",
					"@executable_path/Frameworks",
					"@loader_path/Frameworks",
				);
				PRODUCT_BUNDLE_IDENTIFIER = connie.helloworldTests;
				PRODUCT_NAME = "$(TARGET_NAME)";
				SWIFT_VERSION = 4.0;
				TARGETED_DEVICE_FAMILY = "1,2";
				TEST_HOST = "$(BUILT_PRODUCTS_DIR)/helloworld.app/helloworld";
			};
			name = Release;
		};
		13E45E9E211CBB0D00259478 /* Debug */ = {
			isa = XCBuildConfiguration;
			buildSettings = {
				ALWAYS_EMBED_SWIFT_STANDARD_LIBRARIES = YES;
				CODE_SIGN_STYLE = Automatic;
				INFOPLIST_FILE = helloworldUITests/Info.plist;
				LD_RUNPATH_SEARCH_PATHS = (
					"$(inherited)",
					"@executable_path/Frameworks",
					"@loader_path/Frameworks",
				);
				PRODUCT_BUNDLE_IDENTIFIER = connie.helloworldUITests;
				PRODUCT_NAME = "$(TARGET_NAME)";
				SWIFT_VERSION = 4.0;
				TARGETED_DEVICE_FAMILY = "1,2";
				TEST_TARGET_NAME = helloworld;
			};
			name = Debug;
		};
		13E45E9F211CBB0D00259478 /* Release */ = {
			isa = XCBuildConfiguration;
			buildSettings = {
				ALWAYS_EMBED_SWIFT_STANDARD_LIBRARIES = YES;
				CODE_SIGN_STYLE = Automatic;
				INFOPLIST_FILE = helloworldUITests/Info.plist;
				LD_RUNPATH_SEARCH_PATHS = (
					"$(inherited)",
					"@executable_path/Frameworks",
					"@loader_path/Frameworks",
				);
				PRODUCT_BUNDLE_IDENTIFIER = connie.helloworldUITests;
				PRODUCT_NAME = "$(TARGET_NAME)";
				SWIFT_VERSION = 4.0;
				TARGETED_DEVICE_FAMILY = "1,2";
				TEST_TARGET_NAME = helloworld;
			};
			name = Release;
		};
/* End XCBuildConfiguration section */

/* Begin XCConfigurationList section */
		13E45E6A211CBB0C00259478 /* Build configuration list for PBXProject "helloworld" */ = {
			isa = XCConfigurationList;
			buildConfigurations = (
				13E45E95211CBB0D00259478 /* Debug */,
				13E45E96211CBB0D00259478 /* Release */,
			);
			defaultConfigurationIsVisible = 0;
			defaultConfigurationName = Release;
		};
		13E45E97211CBB0D00259478 /* Build configuration list for PBXNativeTarget "helloworld" */ = {
			isa = XCConfigurationList;
			buildConfigurations = (
				13E45E98211CBB0D00259478 /* Debug */,
				13E45E99211CBB0D00259478 /* Release */,
			);
			defaultConfigurationIsVisible = 0;
			defaultConfigurationName = Release;
		};
		13E45E9A211CBB0D00259478 /* Build configuration list for PBXNativeTarget "helloworldTests" */ = {
			isa = XCConfigurationList;
			buildConfigurations = (
				13E45E9B211CBB0D00259478 /* Debug */,
				13E45E9C211CBB0D00259478 /* Release */,
			);
			defaultConfigurationIsVisible = 0;
			defaultConfigurationName = Release;
		};
		13E45E9D211CBB0D00259478 /* Build configuration list for PBXNativeTarget "helloworldUITests" */ = {
			isa = XCConfigurationList;
			buildConfigurations = (
				13E45E9E211CBB0D00259478 /* Debug */,
				13E45E9F211CBB0D00259478 /* Release */,
			);
			defaultConfigurationIsVisible = 0;
			defaultConfigurationName = Release;
		};
/* End XCConfigurationList section */
	};
	rootObject = 13E45E67211CBB0C00259478 /* Project object */;
}
